// !$*UTF8*$!
{
	archiveVersion = 1;
	classes = {
	};
	objectVersion = 48;
	objects = {

/* Begin PBXBuildFile section */
		4904172D2018AF6D005FDBAB /* UserCell.swift in Sources */ = {isa = PBXBuildFile; fileRef = 4904172C2018AF6D005FDBAB /* UserCell.swift */; };
		49206E0520173A9600B16CD8 /* ShowUsersPresenter.swift in Sources */ = {isa = PBXBuildFile; fileRef = 49206DFF20173A9600B16CD8 /* ShowUsersPresenter.swift */; };
		49206E0620173A9600B16CD8 /* ShowUsersWorker.swift in Sources */ = {isa = PBXBuildFile; fileRef = 49206E0020173A9600B16CD8 /* ShowUsersWorker.swift */; };
		49206E0720173A9600B16CD8 /* ShowUsersRouter.swift in Sources */ = {isa = PBXBuildFile; fileRef = 49206E0120173A9600B16CD8 /* ShowUsersRouter.swift */; };
		49206E0820173A9600B16CD8 /* ShowUsersModels.swift in Sources */ = {isa = PBXBuildFile; fileRef = 49206E0220173A9600B16CD8 /* ShowUsersModels.swift */; };
		49206E0920173A9600B16CD8 /* ShowUsersViewController.swift in Sources */ = {isa = PBXBuildFile; fileRef = 49206E0320173A9600B16CD8 /* ShowUsersViewController.swift */; };
		49206E0A20173A9600B16CD8 /* ShowUsersInteractor.swift in Sources */ = {isa = PBXBuildFile; fileRef = 49206E0420173A9600B16CD8 /* ShowUsersInteractor.swift */; };
		49206E1220173AC100B16CD8 /* SettingsPresenter.swift in Sources */ = {isa = PBXBuildFile; fileRef = 49206E0C20173AC100B16CD8 /* SettingsPresenter.swift */; };
		49206E1320173AC100B16CD8 /* SettingsWorker.swift in Sources */ = {isa = PBXBuildFile; fileRef = 49206E0D20173AC100B16CD8 /* SettingsWorker.swift */; };
		49206E1420173AC100B16CD8 /* SettingsRouter.swift in Sources */ = {isa = PBXBuildFile; fileRef = 49206E0E20173AC100B16CD8 /* SettingsRouter.swift */; };
		49206E1520173AC100B16CD8 /* SettingsModels.swift in Sources */ = {isa = PBXBuildFile; fileRef = 49206E0F20173AC100B16CD8 /* SettingsModels.swift */; };
		49206E1620173AC100B16CD8 /* SettingsViewController.swift in Sources */ = {isa = PBXBuildFile; fileRef = 49206E1020173AC100B16CD8 /* SettingsViewController.swift */; };
		49206E1720173AC100B16CD8 /* SettingsInteractor.swift in Sources */ = {isa = PBXBuildFile; fileRef = 49206E1120173AC100B16CD8 /* SettingsInteractor.swift */; };
		49255FA7200F9D1B000E40E9 /* AppDelegate.swift in Sources */ = {isa = PBXBuildFile; fileRef = 49255FA6200F9D1B000E40E9 /* AppDelegate.swift */; };
		49255FAC200F9D1B000E40E9 /* Main.storyboard in Resources */ = {isa = PBXBuildFile; fileRef = 49255FAA200F9D1B000E40E9 /* Main.storyboard */; };
		49255FAE200F9D1B000E40E9 /* Assets.xcassets in Resources */ = {isa = PBXBuildFile; fileRef = 49255FAD200F9D1B000E40E9 /* Assets.xcassets */; };
		49255FB1200F9D1B000E40E9 /* LaunchScreen.storyboard in Resources */ = {isa = PBXBuildFile; fileRef = 49255FAF200F9D1B000E40E9 /* LaunchScreen.storyboard */; };
		49255FBC200F9D1B000E40E9 /* HomeControllerTests.swift in Sources */ = {isa = PBXBuildFile; fileRef = 49255FBB200F9D1B000E40E9 /* HomeControllerTests.swift */; };
		49255FC7200F9D1B000E40E9 /* SpondoolicksUITests.swift in Sources */ = {isa = PBXBuildFile; fileRef = 49255FC6200F9D1B000E40E9 /* SpondoolicksUITests.swift */; };
		49255FE32010E1C9000E40E9 /* HomePresenter.swift in Sources */ = {isa = PBXBuildFile; fileRef = 49255FDD2010E1C9000E40E9 /* HomePresenter.swift */; };
		49255FE42010E1C9000E40E9 /* HomeWorker.swift in Sources */ = {isa = PBXBuildFile; fileRef = 49255FDE2010E1C9000E40E9 /* HomeWorker.swift */; };
		49255FE52010E1C9000E40E9 /* HomeRouter.swift in Sources */ = {isa = PBXBuildFile; fileRef = 49255FDF2010E1C9000E40E9 /* HomeRouter.swift */; };
		49255FE62010E1C9000E40E9 /* HomeModels.swift in Sources */ = {isa = PBXBuildFile; fileRef = 49255FE02010E1C9000E40E9 /* HomeModels.swift */; };
		49255FE72010E1C9000E40E9 /* HomeViewController.swift in Sources */ = {isa = PBXBuildFile; fileRef = 49255FE12010E1C9000E40E9 /* HomeViewController.swift */; };
		49255FE82010E1C9000E40E9 /* HomeInteractor.swift in Sources */ = {isa = PBXBuildFile; fileRef = 49255FE22010E1C9000E40E9 /* HomeInteractor.swift */; };
		49255FEB2010EB34000E40E9 /* UIFrameworkExtensions.swift in Sources */ = {isa = PBXBuildFile; fileRef = 49255FEA2010EB34000E40E9 /* UIFrameworkExtensions.swift */; };
		49255FF02010FCFB000E40E9 /* OpenSans-Regular.ttf in Resources */ = {isa = PBXBuildFile; fileRef = 49255FED2010FCFA000E40E9 /* OpenSans-Regular.ttf */; };
		49255FF12010FCFB000E40E9 /* OpenSans-Bold.ttf in Resources */ = {isa = PBXBuildFile; fileRef = 49255FEE2010FCFA000E40E9 /* OpenSans-Bold.ttf */; };
		49255FF22010FCFB000E40E9 /* OpenSans-SemiBold.ttf in Resources */ = {isa = PBXBuildFile; fileRef = 49255FEF2010FCFB000E40E9 /* OpenSans-SemiBold.ttf */; };
		49255FF5201107FB000E40E9 /* Globals.swift in Sources */ = {isa = PBXBuildFile; fileRef = 49255FF4201107FB000E40E9 /* Globals.swift */; };
		49255FF820111A9F000E40E9 /* OptionCell.swift in Sources */ = {isa = PBXBuildFile; fileRef = 49255FF720111A9F000E40E9 /* OptionCell.swift */; };
		49255FFB2013A083000E40E9 /* OptionView.swift in Sources */ = {isa = PBXBuildFile; fileRef = 49255FFA2013A083000E40E9 /* OptionView.swift */; };
		492DCDFC20288374000DCC1E /* HelpPanelSectionHeader.swift in Sources */ = {isa = PBXBuildFile; fileRef = 492DCDFB20288374000DCC1E /* HelpPanelSectionHeader.swift */; };
		492DCDFE20288436000DCC1E /* HelpPanelSectionHeader.xib in Resources */ = {isa = PBXBuildFile; fileRef = 492DCDFD20288436000DCC1E /* HelpPanelSectionHeader.xib */; };
		4936C942202B1CEF00933DC3 /* SpondoolicksDataModel.xcdatamodeld in Sources */ = {isa = PBXBuildFile; fileRef = 4936C940202B1CEF00933DC3 /* SpondoolicksDataModel.xcdatamodeld */; };
		4936C944202B2ED100933DC3 /* Parent.swift in Sources */ = {isa = PBXBuildFile; fileRef = 4936C943202B2ED100933DC3 /* Parent.swift */; };
		4936C946202B31A100933DC3 /* User.swift in Sources */ = {isa = PBXBuildFile; fileRef = 4936C945202B31A100933DC3 /* User.swift */; };
		4936C948202B31E800933DC3 /* Category.swift in Sources */ = {isa = PBXBuildFile; fileRef = 4936C947202B31E800933DC3 /* Category.swift */; };
		4936C94A202B321400933DC3 /* Ledger.swift in Sources */ = {isa = PBXBuildFile; fileRef = 4936C949202B321400933DC3 /* Ledger.swift */; };
		4936C94C202B323700933DC3 /* Account.swift in Sources */ = {isa = PBXBuildFile; fileRef = 4936C94B202B323700933DC3 /* Account.swift */; };
		4936C94E202B324E00933DC3 /* Payee.swift in Sources */ = {isa = PBXBuildFile; fileRef = 4936C94D202B324E00933DC3 /* Payee.swift */; };
		4936C950202B326C00933DC3 /* Transaction.swift in Sources */ = {isa = PBXBuildFile; fileRef = 4936C94F202B326C00933DC3 /* Transaction.swift */; };
		4936C952202B328700933DC3 /* TransactionLine.swift in Sources */ = {isa = PBXBuildFile; fileRef = 4936C951202B328700933DC3 /* TransactionLine.swift */; };
		4936C954202C85D300933DC3 /* CoreDataManager.swift in Sources */ = {isa = PBXBuildFile; fileRef = 4936C953202C85D300933DC3 /* CoreDataManager.swift */; };
		4936C95C202CC32000933DC3 /* AddParentPresenter.swift in Sources */ = {isa = PBXBuildFile; fileRef = 4936C956202CC32000933DC3 /* AddParentPresenter.swift */; };
		4936C95D202CC32000933DC3 /* AddParentWorker.swift in Sources */ = {isa = PBXBuildFile; fileRef = 4936C957202CC32000933DC3 /* AddParentWorker.swift */; };
		4936C95E202CC32000933DC3 /* AddParentRouter.swift in Sources */ = {isa = PBXBuildFile; fileRef = 4936C958202CC32000933DC3 /* AddParentRouter.swift */; };
		4936C95F202CC32000933DC3 /* AddParentModels.swift in Sources */ = {isa = PBXBuildFile; fileRef = 4936C959202CC32000933DC3 /* AddParentModels.swift */; };
		4936C960202CC32000933DC3 /* AddParentViewController.swift in Sources */ = {isa = PBXBuildFile; fileRef = 4936C95A202CC32000933DC3 /* AddParentViewController.swift */; };
		4936C961202CC32000933DC3 /* AddParentInteractor.swift in Sources */ = {isa = PBXBuildFile; fileRef = 4936C95B202CC32000933DC3 /* AddParentInteractor.swift */; };
		4936C964202CC3CB00933DC3 /* PinCodeGeneratorViewController.swift in Sources */ = {isa = PBXBuildFile; fileRef = 4936C963202CC3CB00933DC3 /* PinCodeGeneratorViewController.swift */; };
		4936C966202CC42E00933DC3 /* PinCodeDelegate.swift in Sources */ = {isa = PBXBuildFile; fileRef = 4936C965202CC42E00933DC3 /* PinCodeDelegate.swift */; };
		4936C968202DC6A200933DC3 /* SPBorderedPicker.swift in Sources */ = {isa = PBXBuildFile; fileRef = 4936C967202DC6A200933DC3 /* SPBorderedPicker.swift */; };
		493802FA2021F8E100A4DC3C /* HelpPanelViewController.swift in Sources */ = {isa = PBXBuildFile; fileRef = 493802F82021F8E100A4DC3C /* HelpPanelViewController.swift */; };
		493802FB2021F8E100A4DC3C /* HelpPanelViewController.xib in Resources */ = {isa = PBXBuildFile; fileRef = 493802F92021F8E100A4DC3C /* HelpPanelViewController.xib */; };
		493802FE2022096E00A4DC3C /* HelpEntryCell.swift in Sources */ = {isa = PBXBuildFile; fileRef = 493802FC2022096E00A4DC3C /* HelpEntryCell.swift */; };
		493802FF2022096E00A4DC3C /* HelpEntryCell.xib in Resources */ = {isa = PBXBuildFile; fileRef = 493802FD2022096E00A4DC3C /* HelpEntryCell.xib */; };
		49380305202230A400A4DC3C /* HelpPanelDataSource.swift in Sources */ = {isa = PBXBuildFile; fileRef = 49380304202230A400A4DC3C /* HelpPanelDataSource.swift */; };
		493803082022512600A4DC3C /* HelpPanelControllerTests.swift in Sources */ = {isa = PBXBuildFile; fileRef = 493803072022512600A4DC3C /* HelpPanelControllerTests.swift */; };
		493F381B20262B4B009B00F8 /* HelpPanelLauncherHelper.swift in Sources */ = {isa = PBXBuildFile; fileRef = 493F381A20262B4B009B00F8 /* HelpPanelLauncherHelper.swift */; };
		493F381D2027437A009B00F8 /* SPView.swift in Sources */ = {isa = PBXBuildFile; fileRef = 493F381C2027437A009B00F8 /* SPView.swift */; };
		49584A9A2027578C004054D7 /* FontHelper.swift in Sources */ = {isa = PBXBuildFile; fileRef = 49584A992027578C004054D7 /* FontHelper.swift */; };
		49584A9D20287A95004054D7 /* SPLozengeBorderedView.swift in Sources */ = {isa = PBXBuildFile; fileRef = 49584A9C20287A95004054D7 /* SPLozengeBorderedView.swift */; };
		495A9580201A36BA007347A8 /* ShowUsersWorkerTests.swift in Sources */ = {isa = PBXBuildFile; fileRef = 495A957F201A36BA007347A8 /* ShowUsersWorkerTests.swift */; };
		495A9582201A3D61007347A8 /* ShowUsersPresenterTest.swift in Sources */ = {isa = PBXBuildFile; fileRef = 495A9581201A3D61007347A8 /* ShowUsersPresenterTest.swift */; };
		49831C6320208FB600C82970 /* MaintainUserControllerTests.swift in Sources */ = {isa = PBXBuildFile; fileRef = 49831C6220208FB600C82970 /* MaintainUserControllerTests.swift */; };
		49831C652020CBD600C82970 /* MaintainUserInteractorTests.swift in Sources */ = {isa = PBXBuildFile; fileRef = 49831C642020CBD600C82970 /* MaintainUserInteractorTests.swift */; };
		49831C672020DD9600C82970 /* MaintainUserWorkerTests.swift in Sources */ = {isa = PBXBuildFile; fileRef = 49831C662020DD9600C82970 /* MaintainUserWorkerTests.swift */; };
		49831C692020E39A00C82970 /* MaintainUserPresenterTests.swift in Sources */ = {isa = PBXBuildFile; fileRef = 49831C682020E39A00C82970 /* MaintainUserPresenterTests.swift */; };
		49B5690E2018C9C0004FE0E4 /* TempUser.swift in Sources */ = {isa = PBXBuildFile; fileRef = 49B5690D2018C9C0004FE0E4 /* TempUser.swift */; };
		49B569112018EFF1004FE0E4 /* ShowUsersControllerTests.swift in Sources */ = {isa = PBXBuildFile; fileRef = 49B569102018EFF1004FE0E4 /* ShowUsersControllerTests.swift */; };
		49B569132019027C004FE0E4 /* ShowUsersInteractorTests.swift in Sources */ = {isa = PBXBuildFile; fileRef = 49B569122019027C004FE0E4 /* ShowUsersInteractorTests.swift */; };
		49D1F792201CABCD0066F626 /* MaintainUserPresenter.swift in Sources */ = {isa = PBXBuildFile; fileRef = 49D1F78C201CABCD0066F626 /* MaintainUserPresenter.swift */; };
		49D1F793201CABCD0066F626 /* MaintainUserWorker.swift in Sources */ = {isa = PBXBuildFile; fileRef = 49D1F78D201CABCD0066F626 /* MaintainUserWorker.swift */; };
		49D1F794201CABCD0066F626 /* MaintainUserRouter.swift in Sources */ = {isa = PBXBuildFile; fileRef = 49D1F78E201CABCD0066F626 /* MaintainUserRouter.swift */; };
		49D1F795201CABCD0066F626 /* MaintainUserModels.swift in Sources */ = {isa = PBXBuildFile; fileRef = 49D1F78F201CABCD0066F626 /* MaintainUserModels.swift */; };
		49D1F796201CABCD0066F626 /* MaintainUserViewController.swift in Sources */ = {isa = PBXBuildFile; fileRef = 49D1F790201CABCD0066F626 /* MaintainUserViewController.swift */; };
		49D1F797201CABCD0066F626 /* MaintainUserInteractor.swift in Sources */ = {isa = PBXBuildFile; fileRef = 49D1F791201CABCD0066F626 /* MaintainUserInteractor.swift */; };
		49D1F79B201CAC1E0066F626 /* AvatarCell.swift in Sources */ = {isa = PBXBuildFile; fileRef = 49D1F79A201CAC1E0066F626 /* AvatarCell.swift */; };
		49D1F79F201CAE3D0066F626 /* SPBorderedTextField.swift in Sources */ = {isa = PBXBuildFile; fileRef = 49D1F79E201CAE3D0066F626 /* SPBorderedTextField.swift */; };
		49D1F7A1201CD9C80066F626 /* SPBorderedView.swift in Sources */ = {isa = PBXBuildFile; fileRef = 49D1F7A0201CD9C80066F626 /* SPBorderedView.swift */; };
		49D1F7A3201E0A9A0066F626 /* AvatarHeaderView.swift in Sources */ = {isa = PBXBuildFile; fileRef = 49D1F7A2201E0A9A0066F626 /* AvatarHeaderView.swift */; };
		49DBCED0202E012000F44F39 /* UserDefaultsHelper.swift in Sources */ = {isa = PBXBuildFile; fileRef = 49DBCECF202E012000F44F39 /* UserDefaultsHelper.swift */; };
		49DBCED4202E27DF00F44F39 /* Managed.swift in Sources */ = {isa = PBXBuildFile; fileRef = 49DBCED3202E27DF00F44F39 /* Managed.swift */; };
		49DBCED6202E306900F44F39 /* ManagedObjectContextExtensions.swift in Sources */ = {isa = PBXBuildFile; fileRef = 49DBCED5202E306900F44F39 /* ManagedObjectContextExtensions.swift */; };
		49DBCEDA202F4AA000F44F39 /* ResultModalViewController.swift in Sources */ = {isa = PBXBuildFile; fileRef = 49DBCED8202F4AA000F44F39 /* ResultModalViewController.swift */; };
		49DBCEDB202F4AA000F44F39 /* ResultModalViewController.xib in Resources */ = {isa = PBXBuildFile; fileRef = 49DBCED9202F4AA000F44F39 /* ResultModalViewController.xib */; };
/* End PBXBuildFile section */

/* Begin PBXContainerItemProxy section */
		49255FB8200F9D1B000E40E9 /* PBXContainerItemProxy */ = {
			isa = PBXContainerItemProxy;
			containerPortal = 49255F9B200F9D1B000E40E9 /* Project object */;
			proxyType = 1;
			remoteGlobalIDString = 49255FA2200F9D1B000E40E9;
			remoteInfo = Spondoolicks;
		};
		49255FC3200F9D1B000E40E9 /* PBXContainerItemProxy */ = {
			isa = PBXContainerItemProxy;
			containerPortal = 49255F9B200F9D1B000E40E9 /* Project object */;
			proxyType = 1;
			remoteGlobalIDString = 49255FA2200F9D1B000E40E9;
			remoteInfo = Spondoolicks;
		};
/* End PBXContainerItemProxy section */

/* Begin PBXFileReference section */
		4904172C2018AF6D005FDBAB /* UserCell.swift */ = {isa = PBXFileReference; lastKnownFileType = sourcecode.swift; path = UserCell.swift; sourceTree = "<group>"; };
		49206DFF20173A9600B16CD8 /* ShowUsersPresenter.swift */ = {isa = PBXFileReference; lastKnownFileType = sourcecode.swift; path = ShowUsersPresenter.swift; sourceTree = "<group>"; };
		49206E0020173A9600B16CD8 /* ShowUsersWorker.swift */ = {isa = PBXFileReference; lastKnownFileType = sourcecode.swift; path = ShowUsersWorker.swift; sourceTree = "<group>"; };
		49206E0120173A9600B16CD8 /* ShowUsersRouter.swift */ = {isa = PBXFileReference; lastKnownFileType = sourcecode.swift; path = ShowUsersRouter.swift; sourceTree = "<group>"; };
		49206E0220173A9600B16CD8 /* ShowUsersModels.swift */ = {isa = PBXFileReference; lastKnownFileType = sourcecode.swift; path = ShowUsersModels.swift; sourceTree = "<group>"; };
		49206E0320173A9600B16CD8 /* ShowUsersViewController.swift */ = {isa = PBXFileReference; lastKnownFileType = sourcecode.swift; path = ShowUsersViewController.swift; sourceTree = "<group>"; };
		49206E0420173A9600B16CD8 /* ShowUsersInteractor.swift */ = {isa = PBXFileReference; lastKnownFileType = sourcecode.swift; path = ShowUsersInteractor.swift; sourceTree = "<group>"; };
		49206E0C20173AC100B16CD8 /* SettingsPresenter.swift */ = {isa = PBXFileReference; lastKnownFileType = sourcecode.swift; path = SettingsPresenter.swift; sourceTree = "<group>"; };
		49206E0D20173AC100B16CD8 /* SettingsWorker.swift */ = {isa = PBXFileReference; lastKnownFileType = sourcecode.swift; path = SettingsWorker.swift; sourceTree = "<group>"; };
		49206E0E20173AC100B16CD8 /* SettingsRouter.swift */ = {isa = PBXFileReference; lastKnownFileType = sourcecode.swift; path = SettingsRouter.swift; sourceTree = "<group>"; };
		49206E0F20173AC100B16CD8 /* SettingsModels.swift */ = {isa = PBXFileReference; lastKnownFileType = sourcecode.swift; path = SettingsModels.swift; sourceTree = "<group>"; };
		49206E1020173AC100B16CD8 /* SettingsViewController.swift */ = {isa = PBXFileReference; lastKnownFileType = sourcecode.swift; path = SettingsViewController.swift; sourceTree = "<group>"; };
		49206E1120173AC100B16CD8 /* SettingsInteractor.swift */ = {isa = PBXFileReference; lastKnownFileType = sourcecode.swift; path = SettingsInteractor.swift; sourceTree = "<group>"; };
		49255FA3200F9D1B000E40E9 /* Spondoolicks.app */ = {isa = PBXFileReference; explicitFileType = wrapper.application; includeInIndex = 0; path = Spondoolicks.app; sourceTree = BUILT_PRODUCTS_DIR; };
		49255FA6200F9D1B000E40E9 /* AppDelegate.swift */ = {isa = PBXFileReference; lastKnownFileType = sourcecode.swift; path = AppDelegate.swift; sourceTree = "<group>"; };
		49255FAB200F9D1B000E40E9 /* Base */ = {isa = PBXFileReference; lastKnownFileType = file.storyboard; name = Base; path = Base.lproj/Main.storyboard; sourceTree = "<group>"; };
		49255FAD200F9D1B000E40E9 /* Assets.xcassets */ = {isa = PBXFileReference; lastKnownFileType = folder.assetcatalog; path = Assets.xcassets; sourceTree = "<group>"; };
		49255FB0200F9D1B000E40E9 /* Base */ = {isa = PBXFileReference; lastKnownFileType = file.storyboard; name = Base; path = Base.lproj/LaunchScreen.storyboard; sourceTree = "<group>"; };
		49255FB2200F9D1B000E40E9 /* Info.plist */ = {isa = PBXFileReference; lastKnownFileType = text.plist.xml; path = Info.plist; sourceTree = "<group>"; };
		49255FB7200F9D1B000E40E9 /* SpondoolicksTests.xctest */ = {isa = PBXFileReference; explicitFileType = wrapper.cfbundle; includeInIndex = 0; path = SpondoolicksTests.xctest; sourceTree = BUILT_PRODUCTS_DIR; };
		49255FBB200F9D1B000E40E9 /* HomeControllerTests.swift */ = {isa = PBXFileReference; lastKnownFileType = sourcecode.swift; path = HomeControllerTests.swift; sourceTree = "<group>"; };
		49255FBD200F9D1B000E40E9 /* Info.plist */ = {isa = PBXFileReference; lastKnownFileType = text.plist.xml; path = Info.plist; sourceTree = "<group>"; };
		49255FC2200F9D1B000E40E9 /* SpondoolicksUITests.xctest */ = {isa = PBXFileReference; explicitFileType = wrapper.cfbundle; includeInIndex = 0; path = SpondoolicksUITests.xctest; sourceTree = BUILT_PRODUCTS_DIR; };
		49255FC6200F9D1B000E40E9 /* SpondoolicksUITests.swift */ = {isa = PBXFileReference; lastKnownFileType = sourcecode.swift; path = SpondoolicksUITests.swift; sourceTree = "<group>"; };
		49255FC8200F9D1B000E40E9 /* Info.plist */ = {isa = PBXFileReference; lastKnownFileType = text.plist.xml; path = Info.plist; sourceTree = "<group>"; };
		49255FDC200F9F27000E40E9 /* README.md */ = {isa = PBXFileReference; lastKnownFileType = net.daringfireball.markdown; path = README.md; sourceTree = "<group>"; };
		49255FDD2010E1C9000E40E9 /* HomePresenter.swift */ = {isa = PBXFileReference; lastKnownFileType = sourcecode.swift; path = HomePresenter.swift; sourceTree = "<group>"; };
		49255FDE2010E1C9000E40E9 /* HomeWorker.swift */ = {isa = PBXFileReference; lastKnownFileType = sourcecode.swift; path = HomeWorker.swift; sourceTree = "<group>"; };
		49255FDF2010E1C9000E40E9 /* HomeRouter.swift */ = {isa = PBXFileReference; lastKnownFileType = sourcecode.swift; path = HomeRouter.swift; sourceTree = "<group>"; };
		49255FE02010E1C9000E40E9 /* HomeModels.swift */ = {isa = PBXFileReference; lastKnownFileType = sourcecode.swift; path = HomeModels.swift; sourceTree = "<group>"; };
		49255FE12010E1C9000E40E9 /* HomeViewController.swift */ = {isa = PBXFileReference; lastKnownFileType = sourcecode.swift; path = HomeViewController.swift; sourceTree = "<group>"; };
		49255FE22010E1C9000E40E9 /* HomeInteractor.swift */ = {isa = PBXFileReference; lastKnownFileType = sourcecode.swift; path = HomeInteractor.swift; sourceTree = "<group>"; };
		49255FEA2010EB34000E40E9 /* UIFrameworkExtensions.swift */ = {isa = PBXFileReference; lastKnownFileType = sourcecode.swift; path = UIFrameworkExtensions.swift; sourceTree = "<group>"; };
		49255FED2010FCFA000E40E9 /* OpenSans-Regular.ttf */ = {isa = PBXFileReference; lastKnownFileType = file; path = "OpenSans-Regular.ttf"; sourceTree = "<group>"; };
		49255FEE2010FCFA000E40E9 /* OpenSans-Bold.ttf */ = {isa = PBXFileReference; lastKnownFileType = file; path = "OpenSans-Bold.ttf"; sourceTree = "<group>"; };
		49255FEF2010FCFB000E40E9 /* OpenSans-SemiBold.ttf */ = {isa = PBXFileReference; lastKnownFileType = file; path = "OpenSans-SemiBold.ttf"; sourceTree = "<group>"; };
		49255FF4201107FB000E40E9 /* Globals.swift */ = {isa = PBXFileReference; lastKnownFileType = sourcecode.swift; path = Globals.swift; sourceTree = "<group>"; };
		49255FF720111A9F000E40E9 /* OptionCell.swift */ = {isa = PBXFileReference; lastKnownFileType = sourcecode.swift; path = OptionCell.swift; sourceTree = "<group>"; };
		49255FFA2013A083000E40E9 /* OptionView.swift */ = {isa = PBXFileReference; lastKnownFileType = sourcecode.swift; path = OptionView.swift; sourceTree = "<group>"; };
		492DCDFB20288374000DCC1E /* HelpPanelSectionHeader.swift */ = {isa = PBXFileReference; lastKnownFileType = sourcecode.swift; path = HelpPanelSectionHeader.swift; sourceTree = "<group>"; };
		492DCDFD20288436000DCC1E /* HelpPanelSectionHeader.xib */ = {isa = PBXFileReference; lastKnownFileType = file.xib; path = HelpPanelSectionHeader.xib; sourceTree = "<group>"; };
		4936C941202B1CEF00933DC3 /* SpondoolicksDataModel.xcdatamodel */ = {isa = PBXFileReference; lastKnownFileType = wrapper.xcdatamodel; path = SpondoolicksDataModel.xcdatamodel; sourceTree = "<group>"; };
		4936C943202B2ED100933DC3 /* Parent.swift */ = {isa = PBXFileReference; lastKnownFileType = sourcecode.swift; path = Parent.swift; sourceTree = "<group>"; };
		4936C945202B31A100933DC3 /* User.swift */ = {isa = PBXFileReference; lastKnownFileType = sourcecode.swift; path = User.swift; sourceTree = "<group>"; };
		4936C947202B31E800933DC3 /* Category.swift */ = {isa = PBXFileReference; lastKnownFileType = sourcecode.swift; path = Category.swift; sourceTree = "<group>"; };
		4936C949202B321400933DC3 /* Ledger.swift */ = {isa = PBXFileReference; lastKnownFileType = sourcecode.swift; path = Ledger.swift; sourceTree = "<group>"; };
		4936C94B202B323700933DC3 /* Account.swift */ = {isa = PBXFileReference; lastKnownFileType = sourcecode.swift; path = Account.swift; sourceTree = "<group>"; };
		4936C94D202B324E00933DC3 /* Payee.swift */ = {isa = PBXFileReference; lastKnownFileType = sourcecode.swift; path = Payee.swift; sourceTree = "<group>"; };
		4936C94F202B326C00933DC3 /* Transaction.swift */ = {isa = PBXFileReference; lastKnownFileType = sourcecode.swift; path = Transaction.swift; sourceTree = "<group>"; };
		4936C951202B328700933DC3 /* TransactionLine.swift */ = {isa = PBXFileReference; lastKnownFileType = sourcecode.swift; path = TransactionLine.swift; sourceTree = "<group>"; };
		4936C953202C85D300933DC3 /* CoreDataManager.swift */ = {isa = PBXFileReference; lastKnownFileType = sourcecode.swift; path = CoreDataManager.swift; sourceTree = "<group>"; };
		4936C956202CC32000933DC3 /* AddParentPresenter.swift */ = {isa = PBXFileReference; lastKnownFileType = sourcecode.swift; path = AddParentPresenter.swift; sourceTree = "<group>"; };
		4936C957202CC32000933DC3 /* AddParentWorker.swift */ = {isa = PBXFileReference; lastKnownFileType = sourcecode.swift; path = AddParentWorker.swift; sourceTree = "<group>"; };
		4936C958202CC32000933DC3 /* AddParentRouter.swift */ = {isa = PBXFileReference; lastKnownFileType = sourcecode.swift; path = AddParentRouter.swift; sourceTree = "<group>"; };
		4936C959202CC32000933DC3 /* AddParentModels.swift */ = {isa = PBXFileReference; lastKnownFileType = sourcecode.swift; path = AddParentModels.swift; sourceTree = "<group>"; };
		4936C95A202CC32000933DC3 /* AddParentViewController.swift */ = {isa = PBXFileReference; lastKnownFileType = sourcecode.swift; path = AddParentViewController.swift; sourceTree = "<group>"; };
		4936C95B202CC32000933DC3 /* AddParentInteractor.swift */ = {isa = PBXFileReference; lastKnownFileType = sourcecode.swift; path = AddParentInteractor.swift; sourceTree = "<group>"; };
		4936C963202CC3CB00933DC3 /* PinCodeGeneratorViewController.swift */ = {isa = PBXFileReference; lastKnownFileType = sourcecode.swift; path = PinCodeGeneratorViewController.swift; sourceTree = "<group>"; };
		4936C965202CC42E00933DC3 /* PinCodeDelegate.swift */ = {isa = PBXFileReference; lastKnownFileType = sourcecode.swift; path = PinCodeDelegate.swift; sourceTree = "<group>"; };
		4936C967202DC6A200933DC3 /* SPBorderedPicker.swift */ = {isa = PBXFileReference; lastKnownFileType = sourcecode.swift; path = SPBorderedPicker.swift; sourceTree = "<group>"; };
		493802F82021F8E100A4DC3C /* HelpPanelViewController.swift */ = {isa = PBXFileReference; lastKnownFileType = sourcecode.swift; path = HelpPanelViewController.swift; sourceTree = "<group>"; };
		493802F92021F8E100A4DC3C /* HelpPanelViewController.xib */ = {isa = PBXFileReference; lastKnownFileType = file.xib; path = HelpPanelViewController.xib; sourceTree = "<group>"; };
		493802FC2022096E00A4DC3C /* HelpEntryCell.swift */ = {isa = PBXFileReference; lastKnownFileType = sourcecode.swift; path = HelpEntryCell.swift; sourceTree = "<group>"; };
		493802FD2022096E00A4DC3C /* HelpEntryCell.xib */ = {isa = PBXFileReference; lastKnownFileType = file.xib; path = HelpEntryCell.xib; sourceTree = "<group>"; };
		49380304202230A400A4DC3C /* HelpPanelDataSource.swift */ = {isa = PBXFileReference; lastKnownFileType = sourcecode.swift; path = HelpPanelDataSource.swift; sourceTree = "<group>"; };
		493803072022512600A4DC3C /* HelpPanelControllerTests.swift */ = {isa = PBXFileReference; lastKnownFileType = sourcecode.swift; path = HelpPanelControllerTests.swift; sourceTree = "<group>"; };
		493F381A20262B4B009B00F8 /* HelpPanelLauncherHelper.swift */ = {isa = PBXFileReference; lastKnownFileType = sourcecode.swift; path = HelpPanelLauncherHelper.swift; sourceTree = "<group>"; };
		493F381C2027437A009B00F8 /* SPView.swift */ = {isa = PBXFileReference; lastKnownFileType = sourcecode.swift; path = SPView.swift; sourceTree = "<group>"; };
		49584A992027578C004054D7 /* FontHelper.swift */ = {isa = PBXFileReference; lastKnownFileType = sourcecode.swift; path = FontHelper.swift; sourceTree = "<group>"; };
		49584A9C20287A95004054D7 /* SPLozengeBorderedView.swift */ = {isa = PBXFileReference; lastKnownFileType = sourcecode.swift; path = SPLozengeBorderedView.swift; sourceTree = "<group>"; };
		495A957F201A36BA007347A8 /* ShowUsersWorkerTests.swift */ = {isa = PBXFileReference; lastKnownFileType = sourcecode.swift; path = ShowUsersWorkerTests.swift; sourceTree = "<group>"; };
		495A9581201A3D61007347A8 /* ShowUsersPresenterTest.swift */ = {isa = PBXFileReference; lastKnownFileType = sourcecode.swift; path = ShowUsersPresenterTest.swift; sourceTree = "<group>"; };
		49831C6220208FB600C82970 /* MaintainUserControllerTests.swift */ = {isa = PBXFileReference; lastKnownFileType = sourcecode.swift; path = MaintainUserControllerTests.swift; sourceTree = "<group>"; };
		49831C642020CBD600C82970 /* MaintainUserInteractorTests.swift */ = {isa = PBXFileReference; lastKnownFileType = sourcecode.swift; path = MaintainUserInteractorTests.swift; sourceTree = "<group>"; };
		49831C662020DD9600C82970 /* MaintainUserWorkerTests.swift */ = {isa = PBXFileReference; lastKnownFileType = sourcecode.swift; path = MaintainUserWorkerTests.swift; sourceTree = "<group>"; };
		49831C682020E39A00C82970 /* MaintainUserPresenterTests.swift */ = {isa = PBXFileReference; lastKnownFileType = sourcecode.swift; path = MaintainUserPresenterTests.swift; sourceTree = "<group>"; };
		49B5690D2018C9C0004FE0E4 /* TempUser.swift */ = {isa = PBXFileReference; lastKnownFileType = sourcecode.swift; path = TempUser.swift; sourceTree = "<group>"; };
		49B569102018EFF1004FE0E4 /* ShowUsersControllerTests.swift */ = {isa = PBXFileReference; lastKnownFileType = sourcecode.swift; path = ShowUsersControllerTests.swift; sourceTree = "<group>"; };
		49B569122019027C004FE0E4 /* ShowUsersInteractorTests.swift */ = {isa = PBXFileReference; lastKnownFileType = sourcecode.swift; path = ShowUsersInteractorTests.swift; sourceTree = "<group>"; };
		49D1F78C201CABCD0066F626 /* MaintainUserPresenter.swift */ = {isa = PBXFileReference; lastKnownFileType = sourcecode.swift; path = MaintainUserPresenter.swift; sourceTree = "<group>"; };
		49D1F78D201CABCD0066F626 /* MaintainUserWorker.swift */ = {isa = PBXFileReference; lastKnownFileType = sourcecode.swift; path = MaintainUserWorker.swift; sourceTree = "<group>"; };
		49D1F78E201CABCD0066F626 /* MaintainUserRouter.swift */ = {isa = PBXFileReference; lastKnownFileType = sourcecode.swift; path = MaintainUserRouter.swift; sourceTree = "<group>"; };
		49D1F78F201CABCD0066F626 /* MaintainUserModels.swift */ = {isa = PBXFileReference; lastKnownFileType = sourcecode.swift; path = MaintainUserModels.swift; sourceTree = "<group>"; };
		49D1F790201CABCD0066F626 /* MaintainUserViewController.swift */ = {isa = PBXFileReference; lastKnownFileType = sourcecode.swift; path = MaintainUserViewController.swift; sourceTree = "<group>"; };
		49D1F791201CABCD0066F626 /* MaintainUserInteractor.swift */ = {isa = PBXFileReference; lastKnownFileType = sourcecode.swift; path = MaintainUserInteractor.swift; sourceTree = "<group>"; };
		49D1F79A201CAC1E0066F626 /* AvatarCell.swift */ = {isa = PBXFileReference; lastKnownFileType = sourcecode.swift; path = AvatarCell.swift; sourceTree = "<group>"; };
		49D1F79E201CAE3D0066F626 /* SPBorderedTextField.swift */ = {isa = PBXFileReference; lastKnownFileType = sourcecode.swift; path = SPBorderedTextField.swift; sourceTree = "<group>"; };
		49D1F7A0201CD9C80066F626 /* SPBorderedView.swift */ = {isa = PBXFileReference; lastKnownFileType = sourcecode.swift; path = SPBorderedView.swift; sourceTree = "<group>"; };
		49D1F7A2201E0A9A0066F626 /* AvatarHeaderView.swift */ = {isa = PBXFileReference; lastKnownFileType = sourcecode.swift; path = AvatarHeaderView.swift; sourceTree = "<group>"; };
		49DBCECF202E012000F44F39 /* UserDefaultsHelper.swift */ = {isa = PBXFileReference; lastKnownFileType = sourcecode.swift; path = UserDefaultsHelper.swift; sourceTree = "<group>"; };
		49DBCED3202E27DF00F44F39 /* Managed.swift */ = {isa = PBXFileReference; lastKnownFileType = sourcecode.swift; path = Managed.swift; sourceTree = "<group>"; };
		49DBCED5202E306900F44F39 /* ManagedObjectContextExtensions.swift */ = {isa = PBXFileReference; lastKnownFileType = sourcecode.swift; path = ManagedObjectContextExtensions.swift; sourceTree = "<group>"; };
		49DBCED8202F4AA000F44F39 /* ResultModalViewController.swift */ = {isa = PBXFileReference; lastKnownFileType = sourcecode.swift; path = ResultModalViewController.swift; sourceTree = "<group>"; };
		49DBCED9202F4AA000F44F39 /* ResultModalViewController.xib */ = {isa = PBXFileReference; lastKnownFileType = file.xib; path = ResultModalViewController.xib; sourceTree = "<group>"; };
/* End PBXFileReference section */

/* Begin PBXFrameworksBuildPhase section */
		49255FA0200F9D1B000E40E9 /* Frameworks */ = {
			isa = PBXFrameworksBuildPhase;
			buildActionMask = 2147483647;
			files = (
			);
			runOnlyForDeploymentPostprocessing = 0;
		};
		49255FB4200F9D1B000E40E9 /* Frameworks */ = {
			isa = PBXFrameworksBuildPhase;
			buildActionMask = 2147483647;
			files = (
			);
			runOnlyForDeploymentPostprocessing = 0;
		};
		49255FBF200F9D1B000E40E9 /* Frameworks */ = {
			isa = PBXFrameworksBuildPhase;
			buildActionMask = 2147483647;
			files = (
			);
			runOnlyForDeploymentPostprocessing = 0;
		};
/* End PBXFrameworksBuildPhase section */

/* Begin PBXGroup section */
		4904172B2018AF34005FDBAB /* Helpers */ = {
			isa = PBXGroup;
			children = (
				4904172C2018AF6D005FDBAB /* UserCell.swift */,
			);
			path = Helpers;
			sourceTree = "<group>";
		};
		49206E0B20173A9C00B16CD8 /* Show Users */ = {
			isa = PBXGroup;
			children = (
				4904172B2018AF34005FDBAB /* Helpers */,
				49206DFF20173A9600B16CD8 /* ShowUsersPresenter.swift */,
				49206E0020173A9600B16CD8 /* ShowUsersWorker.swift */,
				49206E0120173A9600B16CD8 /* ShowUsersRouter.swift */,
				49206E0220173A9600B16CD8 /* ShowUsersModels.swift */,
				49206E0320173A9600B16CD8 /* ShowUsersViewController.swift */,
				49206E0420173A9600B16CD8 /* ShowUsersInteractor.swift */,
			);
			path = "Show Users";
			sourceTree = "<group>";
		};
		49206E1820173AC600B16CD8 /* Settings */ = {
			isa = PBXGroup;
			children = (
				49206E0C20173AC100B16CD8 /* SettingsPresenter.swift */,
				49206E0D20173AC100B16CD8 /* SettingsWorker.swift */,
				49206E0E20173AC100B16CD8 /* SettingsRouter.swift */,
				49206E0F20173AC100B16CD8 /* SettingsModels.swift */,
				49206E1020173AC100B16CD8 /* SettingsViewController.swift */,
				49206E1120173AC100B16CD8 /* SettingsInteractor.swift */,
			);
			path = Settings;
			sourceTree = "<group>";
		};
		49255F9A200F9D1B000E40E9 = {
			isa = PBXGroup;
			children = (
				49255FDC200F9F27000E40E9 /* README.md */,
				49255FA5200F9D1B000E40E9 /* Spondoolicks */,
				49255FBA200F9D1B000E40E9 /* SpondoolicksTests */,
				49255FC5200F9D1B000E40E9 /* SpondoolicksUITests */,
				49255FA4200F9D1B000E40E9 /* Products */,
			);
			sourceTree = "<group>";
		};
		49255FA4200F9D1B000E40E9 /* Products */ = {
			isa = PBXGroup;
			children = (
				49255FA3200F9D1B000E40E9 /* Spondoolicks.app */,
				49255FB7200F9D1B000E40E9 /* SpondoolicksTests.xctest */,
				49255FC2200F9D1B000E40E9 /* SpondoolicksUITests.xctest */,
			);
			name = Products;
			sourceTree = "<group>";
		};
		49255FA5200F9D1B000E40E9 /* Spondoolicks */ = {
			isa = PBXGroup;
			children = (
				49255FDB200F9E82000E40E9 /* Models */,
				49255FDA200F9E7A000E40E9 /* Services */,
				49255FD9200F9E73000E40E9 /* Helpers */,
				49255FD8200F9E4E000E40E9 /* Scenes */,
				49255FD7200F9E35000E40E9 /* Supporting Files */,
				49255FD6200F9E23000E40E9 /* Resources */,
				49255FD5200F9E06000E40E9 /* Storyboards */,
				49255FD4200F9DF8000E40E9 /* Application */,
			);
			path = Spondoolicks;
			sourceTree = "<group>";
		};
		49255FBA200F9D1B000E40E9 /* SpondoolicksTests */ = {
			isa = PBXGroup;
			children = (
				49380306202250F700A4DC3C /* HelpPanel Tests */,
				49831C6120208F7700C82970 /* MaintainUser Tests */,
				49B5690F2018EFB2004FE0E4 /* ShowUsers Tests */,
				49255FFD2014DC87000E40E9 /* HomeTests */,
				49255FBD200F9D1B000E40E9 /* Info.plist */,
			);
			path = SpondoolicksTests;
			sourceTree = "<group>";
		};
		49255FC5200F9D1B000E40E9 /* SpondoolicksUITests */ = {
			isa = PBXGroup;
			children = (
				49255FC6200F9D1B000E40E9 /* SpondoolicksUITests.swift */,
				49255FC8200F9D1B000E40E9 /* Info.plist */,
			);
			path = SpondoolicksUITests;
			sourceTree = "<group>";
		};
		49255FD4200F9DF8000E40E9 /* Application */ = {
			isa = PBXGroup;
			children = (
				49255FA6200F9D1B000E40E9 /* AppDelegate.swift */,
			);
			path = Application;
			sourceTree = "<group>";
		};
		49255FD5200F9E06000E40E9 /* Storyboards */ = {
			isa = PBXGroup;
			children = (
				49255FAA200F9D1B000E40E9 /* Main.storyboard */,
				49255FAF200F9D1B000E40E9 /* LaunchScreen.storyboard */,
			);
			path = Storyboards;
			sourceTree = "<group>";
		};
		49255FD6200F9E23000E40E9 /* Resources */ = {
			isa = PBXGroup;
			children = (
				49255FEC2010FC64000E40E9 /* Fonts */,
				49255FAD200F9D1B000E40E9 /* Assets.xcassets */,
			);
			path = Resources;
			sourceTree = "<group>";
		};
		49255FD7200F9E35000E40E9 /* Supporting Files */ = {
			isa = PBXGroup;
			children = (
				49255FB2200F9D1B000E40E9 /* Info.plist */,
			);
			path = "Supporting Files";
			sourceTree = "<group>";
		};
		49255FD8200F9E4E000E40E9 /* Scenes */ = {
			isa = PBXGroup;
			children = (
				4936C955202CC2FE00933DC3 /* Add Parent */,
				49D1F798201CABD20066F626 /* Maintain User */,
				49206E1820173AC600B16CD8 /* Settings */,
				49206E0B20173A9C00B16CD8 /* Show Users */,
				49255FE92010E1D0000E40E9 /* Home */,
			);
			path = Scenes;
			sourceTree = "<group>";
		};
		49255FD9200F9E73000E40E9 /* Helpers */ = {
			isa = PBXGroup;
			children = (
				49DBCED7202F4A4800F44F39 /* Result Modal */,
				4936C962202CC38500933DC3 /* PinCode Generator */,
				49584A9B20287876004054D7 /* Views */,
				493802F72021F88E00A4DC3C /* Help Panel */,
				49255FEA2010EB34000E40E9 /* UIFrameworkExtensions.swift */,
				49255FF4201107FB000E40E9 /* Globals.swift */,
				49584A992027578C004054D7 /* FontHelper.swift */,
				49DBCECF202E012000F44F39 /* UserDefaultsHelper.swift */,
			);
			path = Helpers;
			sourceTree = "<group>";
		};
		49255FDA200F9E7A000E40E9 /* Services */ = {
			isa = PBXGroup;
			children = (
				4936C953202C85D300933DC3 /* CoreDataManager.swift */,
			);
			path = Services;
			sourceTree = "<group>";
		};
		49255FDB200F9E82000E40E9 /* Models */ = {
			isa = PBXGroup;
			children = (
				49DBCED2202E27C900F44F39 /* Core Data Helpers */,
				49B5690D2018C9C0004FE0E4 /* TempUser.swift */,
				4936C940202B1CEF00933DC3 /* SpondoolicksDataModel.xcdatamodeld */,
				4936C943202B2ED100933DC3 /* Parent.swift */,
				4936C945202B31A100933DC3 /* User.swift */,
				4936C947202B31E800933DC3 /* Category.swift */,
				4936C949202B321400933DC3 /* Ledger.swift */,
				4936C94B202B323700933DC3 /* Account.swift */,
				4936C94D202B324E00933DC3 /* Payee.swift */,
				4936C94F202B326C00933DC3 /* Transaction.swift */,
				4936C951202B328700933DC3 /* TransactionLine.swift */,
			);
			path = Models;
			sourceTree = "<group>";
		};
		49255FE92010E1D0000E40E9 /* Home */ = {
			isa = PBXGroup;
			children = (
				49255FF620111A6E000E40E9 /* Helpers */,
				49255FDD2010E1C9000E40E9 /* HomePresenter.swift */,
				49255FDE2010E1C9000E40E9 /* HomeWorker.swift */,
				49255FDF2010E1C9000E40E9 /* HomeRouter.swift */,
				49255FE02010E1C9000E40E9 /* HomeModels.swift */,
				49255FE12010E1C9000E40E9 /* HomeViewController.swift */,
				49255FE22010E1C9000E40E9 /* HomeInteractor.swift */,
			);
			path = Home;
			sourceTree = "<group>";
		};
		49255FEC2010FC64000E40E9 /* Fonts */ = {
			isa = PBXGroup;
			children = (
				49255FEE2010FCFA000E40E9 /* OpenSans-Bold.ttf */,
				49255FED2010FCFA000E40E9 /* OpenSans-Regular.ttf */,
				49255FEF2010FCFB000E40E9 /* OpenSans-SemiBold.ttf */,
			);
			path = Fonts;
			sourceTree = "<group>";
		};
		49255FF620111A6E000E40E9 /* Helpers */ = {
			isa = PBXGroup;
			children = (
				49255FFA2013A083000E40E9 /* OptionView.swift */,
				49255FF720111A9F000E40E9 /* OptionCell.swift */,
			);
			path = Helpers;
			sourceTree = "<group>";
		};
		49255FFD2014DC87000E40E9 /* HomeTests */ = {
			isa = PBXGroup;
			children = (
				49255FBB200F9D1B000E40E9 /* HomeControllerTests.swift */,
			);
			path = HomeTests;
			sourceTree = "<group>";
		};
		4936C955202CC2FE00933DC3 /* Add Parent */ = {
			isa = PBXGroup;
			children = (
				4936C956202CC32000933DC3 /* AddParentPresenter.swift */,
				4936C957202CC32000933DC3 /* AddParentWorker.swift */,
				4936C958202CC32000933DC3 /* AddParentRouter.swift */,
				4936C959202CC32000933DC3 /* AddParentModels.swift */,
				4936C95A202CC32000933DC3 /* AddParentViewController.swift */,
				4936C95B202CC32000933DC3 /* AddParentInteractor.swift */,
			);
			path = "Add Parent";
			sourceTree = "<group>";
		};
		4936C962202CC38500933DC3 /* PinCode Generator */ = {
			isa = PBXGroup;
			children = (
				4936C963202CC3CB00933DC3 /* PinCodeGeneratorViewController.swift */,
				4936C965202CC42E00933DC3 /* PinCodeDelegate.swift */,
			);
			path = "PinCode Generator";
			sourceTree = "<group>";
		};
		493802F72021F88E00A4DC3C /* Help Panel */ = {
			isa = PBXGroup;
			children = (
				493802F82021F8E100A4DC3C /* HelpPanelViewController.swift */,
				493802F92021F8E100A4DC3C /* HelpPanelViewController.xib */,
				493802FC2022096E00A4DC3C /* HelpEntryCell.swift */,
				493802FD2022096E00A4DC3C /* HelpEntryCell.xib */,
				49380304202230A400A4DC3C /* HelpPanelDataSource.swift */,
				493F381A20262B4B009B00F8 /* HelpPanelLauncherHelper.swift */,
				492DCDFB20288374000DCC1E /* HelpPanelSectionHeader.swift */,
				492DCDFD20288436000DCC1E /* HelpPanelSectionHeader.xib */,
			);
			path = "Help Panel";
			sourceTree = "<group>";
		};
		49380306202250F700A4DC3C /* HelpPanel Tests */ = {
			isa = PBXGroup;
			children = (
				493803072022512600A4DC3C /* HelpPanelControllerTests.swift */,
			);
			path = "HelpPanel Tests";
			sourceTree = "<group>";
		};
		49584A9B20287876004054D7 /* Views */ = {
			isa = PBXGroup;
			children = (
				493F381C2027437A009B00F8 /* SPView.swift */,
				49D1F7A0201CD9C80066F626 /* SPBorderedView.swift */,
				49D1F79E201CAE3D0066F626 /* SPBorderedTextField.swift */,
				49584A9C20287A95004054D7 /* SPLozengeBorderedView.swift */,
				4936C967202DC6A200933DC3 /* SPBorderedPicker.swift */,
			);
			path = Views;
			sourceTree = "<group>";
		};
		49831C6120208F7700C82970 /* MaintainUser Tests */ = {
			isa = PBXGroup;
			children = (
				49831C6220208FB600C82970 /* MaintainUserControllerTests.swift */,
				49831C642020CBD600C82970 /* MaintainUserInteractorTests.swift */,
				49831C662020DD9600C82970 /* MaintainUserWorkerTests.swift */,
				49831C682020E39A00C82970 /* MaintainUserPresenterTests.swift */,
			);
			path = "MaintainUser Tests";
			sourceTree = "<group>";
		};
		49B5690F2018EFB2004FE0E4 /* ShowUsers Tests */ = {
			isa = PBXGroup;
			children = (
				49B569102018EFF1004FE0E4 /* ShowUsersControllerTests.swift */,
				49B569122019027C004FE0E4 /* ShowUsersInteractorTests.swift */,
				495A957F201A36BA007347A8 /* ShowUsersWorkerTests.swift */,
				495A9581201A3D61007347A8 /* ShowUsersPresenterTest.swift */,
			);
			path = "ShowUsers Tests";
			sourceTree = "<group>";
		};
		49D1F798201CABD20066F626 /* Maintain User */ = {
			isa = PBXGroup;
			children = (
				49D1F799201CABFA0066F626 /* Helpers */,
				49D1F78C201CABCD0066F626 /* MaintainUserPresenter.swift */,
				49D1F78D201CABCD0066F626 /* MaintainUserWorker.swift */,
				49D1F78E201CABCD0066F626 /* MaintainUserRouter.swift */,
				49D1F78F201CABCD0066F626 /* MaintainUserModels.swift */,
				49D1F790201CABCD0066F626 /* MaintainUserViewController.swift */,
				49D1F791201CABCD0066F626 /* MaintainUserInteractor.swift */,
			);
			path = "Maintain User";
			sourceTree = "<group>";
		};
		49D1F799201CABFA0066F626 /* Helpers */ = {
			isa = PBXGroup;
			children = (
				49D1F79A201CAC1E0066F626 /* AvatarCell.swift */,
				49D1F7A2201E0A9A0066F626 /* AvatarHeaderView.swift */,
			);
			path = Helpers;
			sourceTree = "<group>";
		};
		49DBCED2202E27C900F44F39 /* Core Data Helpers */ = {
			isa = PBXGroup;
			children = (
				49DBCED3202E27DF00F44F39 /* Managed.swift */,
				49DBCED5202E306900F44F39 /* ManagedObjectContextExtensions.swift */,
			);
			path = "Core Data Helpers";
			sourceTree = "<group>";
		};
		49DBCED7202F4A4800F44F39 /* Result Modal */ = {
			isa = PBXGroup;
			children = (
				49DBCED8202F4AA000F44F39 /* ResultModalViewController.swift */,
				49DBCED9202F4AA000F44F39 /* ResultModalViewController.xib */,
			);
			path = "Result Modal";
			sourceTree = "<group>";
		};
/* End PBXGroup section */

/* Begin PBXNativeTarget section */
		49255FA2200F9D1B000E40E9 /* Spondoolicks */ = {
			isa = PBXNativeTarget;
			buildConfigurationList = 49255FCB200F9D1B000E40E9 /* Build configuration list for PBXNativeTarget "Spondoolicks" */;
			buildPhases = (
				49255F9F200F9D1B000E40E9 /* Sources */,
				49255FA0200F9D1B000E40E9 /* Frameworks */,
				49255FA1200F9D1B000E40E9 /* Resources */,
			);
			buildRules = (
			);
			dependencies = (
			);
			name = Spondoolicks;
			productName = Spondoolicks;
			productReference = 49255FA3200F9D1B000E40E9 /* Spondoolicks.app */;
			productType = "com.apple.product-type.application";
		};
		49255FB6200F9D1B000E40E9 /* SpondoolicksTests */ = {
			isa = PBXNativeTarget;
			buildConfigurationList = 49255FCE200F9D1B000E40E9 /* Build configuration list for PBXNativeTarget "SpondoolicksTests" */;
			buildPhases = (
				49255FB3200F9D1B000E40E9 /* Sources */,
				49255FB4200F9D1B000E40E9 /* Frameworks */,
				49255FB5200F9D1B000E40E9 /* Resources */,
			);
			buildRules = (
			);
			dependencies = (
				49255FB9200F9D1B000E40E9 /* PBXTargetDependency */,
			);
			name = SpondoolicksTests;
			productName = SpondoolicksTests;
			productReference = 49255FB7200F9D1B000E40E9 /* SpondoolicksTests.xctest */;
			productType = "com.apple.product-type.bundle.unit-test";
		};
		49255FC1200F9D1B000E40E9 /* SpondoolicksUITests */ = {
			isa = PBXNativeTarget;
			buildConfigurationList = 49255FD1200F9D1B000E40E9 /* Build configuration list for PBXNativeTarget "SpondoolicksUITests" */;
			buildPhases = (
				49255FBE200F9D1B000E40E9 /* Sources */,
				49255FBF200F9D1B000E40E9 /* Frameworks */,
				49255FC0200F9D1B000E40E9 /* Resources */,
			);
			buildRules = (
			);
			dependencies = (
				49255FC4200F9D1B000E40E9 /* PBXTargetDependency */,
			);
			name = SpondoolicksUITests;
			productName = SpondoolicksUITests;
			productReference = 49255FC2200F9D1B000E40E9 /* SpondoolicksUITests.xctest */;
			productType = "com.apple.product-type.bundle.ui-testing";
		};
/* End PBXNativeTarget section */

/* Begin PBXProject section */
		49255F9B200F9D1B000E40E9 /* Project object */ = {
			isa = PBXProject;
			attributes = {
				LastSwiftUpdateCheck = 0920;
				LastUpgradeCheck = 0920;
				ORGANIZATIONNAME = "Andrew Johnson";
				TargetAttributes = {
					49255FA2200F9D1B000E40E9 = {
						CreatedOnToolsVersion = 9.2;
						ProvisioningStyle = Automatic;
					};
					49255FB6200F9D1B000E40E9 = {
						CreatedOnToolsVersion = 9.2;
						ProvisioningStyle = Automatic;
						TestTargetID = 49255FA2200F9D1B000E40E9;
					};
					49255FC1200F9D1B000E40E9 = {
						CreatedOnToolsVersion = 9.2;
						ProvisioningStyle = Automatic;
						TestTargetID = 49255FA2200F9D1B000E40E9;
					};
				};
			};
			buildConfigurationList = 49255F9E200F9D1B000E40E9 /* Build configuration list for PBXProject "Spondoolicks" */;
			compatibilityVersion = "Xcode 8.0";
			developmentRegion = en;
			hasScannedForEncodings = 0;
			knownRegions = (
				en,
				Base,
			);
			mainGroup = 49255F9A200F9D1B000E40E9;
			productRefGroup = 49255FA4200F9D1B000E40E9 /* Products */;
			projectDirPath = "";
			projectRoot = "";
			targets = (
				49255FA2200F9D1B000E40E9 /* Spondoolicks */,
				49255FB6200F9D1B000E40E9 /* SpondoolicksTests */,
				49255FC1200F9D1B000E40E9 /* SpondoolicksUITests */,
			);
		};
/* End PBXProject section */

/* Begin PBXResourcesBuildPhase section */
		49255FA1200F9D1B000E40E9 /* Resources */ = {
			isa = PBXResourcesBuildPhase;
			buildActionMask = 2147483647;
			files = (
				493802FB2021F8E100A4DC3C /* HelpPanelViewController.xib in Resources */,
				49DBCEDB202F4AA000F44F39 /* ResultModalViewController.xib in Resources */,
				49255FB1200F9D1B000E40E9 /* LaunchScreen.storyboard in Resources */,
				49255FAE200F9D1B000E40E9 /* Assets.xcassets in Resources */,
				49255FF02010FCFB000E40E9 /* OpenSans-Regular.ttf in Resources */,
				49255FF12010FCFB000E40E9 /* OpenSans-Bold.ttf in Resources */,
				492DCDFE20288436000DCC1E /* HelpPanelSectionHeader.xib in Resources */,
				493802FF2022096E00A4DC3C /* HelpEntryCell.xib in Resources */,
				49255FF22010FCFB000E40E9 /* OpenSans-SemiBold.ttf in Resources */,
				49255FAC200F9D1B000E40E9 /* Main.storyboard in Resources */,
			);
			runOnlyForDeploymentPostprocessing = 0;
		};
		49255FB5200F9D1B000E40E9 /* Resources */ = {
			isa = PBXResourcesBuildPhase;
			buildActionMask = 2147483647;
			files = (
			);
			runOnlyForDeploymentPostprocessing = 0;
		};
		49255FC0200F9D1B000E40E9 /* Resources */ = {
			isa = PBXResourcesBuildPhase;
			buildActionMask = 2147483647;
			files = (
			);
			runOnlyForDeploymentPostprocessing = 0;
		};
/* End PBXResourcesBuildPhase section */

/* Begin PBXSourcesBuildPhase section */
		49255F9F200F9D1B000E40E9 /* Sources */ = {
			isa = PBXSourcesBuildPhase;
			buildActionMask = 2147483647;
			files = (
				49DBCED0202E012000F44F39 /* UserDefaultsHelper.swift in Sources */,
				4936C954202C85D300933DC3 /* CoreDataManager.swift in Sources */,
				4904172D2018AF6D005FDBAB /* UserCell.swift in Sources */,
				493802FE2022096E00A4DC3C /* HelpEntryCell.swift in Sources */,
				49255FE32010E1C9000E40E9 /* HomePresenter.swift in Sources */,
				49206E1520173AC100B16CD8 /* SettingsModels.swift in Sources */,
				49255FEB2010EB34000E40E9 /* UIFrameworkExtensions.swift in Sources */,
				4936C961202CC32000933DC3 /* AddParentInteractor.swift in Sources */,
				49D1F795201CABCD0066F626 /* MaintainUserModels.swift in Sources */,
				49B5690E2018C9C0004FE0E4 /* TempUser.swift in Sources */,
				49255FF820111A9F000E40E9 /* OptionCell.swift in Sources */,
				493F381D2027437A009B00F8 /* SPView.swift in Sources */,
				49206E0A20173A9600B16CD8 /* ShowUsersInteractor.swift in Sources */,
				49255FE42010E1C9000E40E9 /* HomeWorker.swift in Sources */,
				4936C966202CC42E00933DC3 /* PinCodeDelegate.swift in Sources */,
				49206E1220173AC100B16CD8 /* SettingsPresenter.swift in Sources */,
				49584A9A2027578C004054D7 /* FontHelper.swift in Sources */,
				49D1F7A1201CD9C80066F626 /* SPBorderedView.swift in Sources */,
				4936C94E202B324E00933DC3 /* Payee.swift in Sources */,
				49D1F7A3201E0A9A0066F626 /* AvatarHeaderView.swift in Sources */,
				493802FA2021F8E100A4DC3C /* HelpPanelViewController.swift in Sources */,
				49DBCED4202E27DF00F44F39 /* Managed.swift in Sources */,
				49D1F79B201CAC1E0066F626 /* AvatarCell.swift in Sources */,
				4936C948202B31E800933DC3 /* Category.swift in Sources */,
				4936C95E202CC32000933DC3 /* AddParentRouter.swift in Sources */,
				49DBCED6202E306900F44F39 /* ManagedObjectContextExtensions.swift in Sources */,
				4936C942202B1CEF00933DC3 /* SpondoolicksDataModel.xcdatamodeld in Sources */,
				49255FFB2013A083000E40E9 /* OptionView.swift in Sources */,
				49255FE82010E1C9000E40E9 /* HomeInteractor.swift in Sources */,
				49D1F797201CABCD0066F626 /* MaintainUserInteractor.swift in Sources */,
				4936C950202B326C00933DC3 /* Transaction.swift in Sources */,
				49206E1320173AC100B16CD8 /* SettingsWorker.swift in Sources */,
				4936C968202DC6A200933DC3 /* SPBorderedPicker.swift in Sources */,
				4936C95D202CC32000933DC3 /* AddParentWorker.swift in Sources */,
				4936C946202B31A100933DC3 /* User.swift in Sources */,
				49206E1420173AC100B16CD8 /* SettingsRouter.swift in Sources */,
				49380305202230A400A4DC3C /* HelpPanelDataSource.swift in Sources */,
				49DBCEDA202F4AA000F44F39 /* ResultModalViewController.swift in Sources */,
				4936C94A202B321400933DC3 /* Ledger.swift in Sources */,
				4936C94C202B323700933DC3 /* Account.swift in Sources */,
				49D1F793201CABCD0066F626 /* MaintainUserWorker.swift in Sources */,
				4936C95F202CC32000933DC3 /* AddParentModels.swift in Sources */,
				4936C95C202CC32000933DC3 /* AddParentPresenter.swift in Sources */,
				49584A9D20287A95004054D7 /* SPLozengeBorderedView.swift in Sources */,
				4936C964202CC3CB00933DC3 /* PinCodeGeneratorViewController.swift in Sources */,
				49206E0720173A9600B16CD8 /* ShowUsersRouter.swift in Sources */,
				492DCDFC20288374000DCC1E /* HelpPanelSectionHeader.swift in Sources */,
				49255FF5201107FB000E40E9 /* Globals.swift in Sources */,
				49206E1620173AC100B16CD8 /* SettingsViewController.swift in Sources */,
				49255FA7200F9D1B000E40E9 /* AppDelegate.swift in Sources */,
				49255FE62010E1C9000E40E9 /* HomeModels.swift in Sources */,
				49D1F792201CABCD0066F626 /* MaintainUserPresenter.swift in Sources */,
				49D1F794201CABCD0066F626 /* MaintainUserRouter.swift in Sources */,
				49206E0920173A9600B16CD8 /* ShowUsersViewController.swift in Sources */,
				49255FE72010E1C9000E40E9 /* HomeViewController.swift in Sources */,
				49206E0620173A9600B16CD8 /* ShowUsersWorker.swift in Sources */,
				4936C960202CC32000933DC3 /* AddParentViewController.swift in Sources */,
				49206E0520173A9600B16CD8 /* ShowUsersPresenter.swift in Sources */,
				49D1F79F201CAE3D0066F626 /* SPBorderedTextField.swift in Sources */,
				493F381B20262B4B009B00F8 /* HelpPanelLauncherHelper.swift in Sources */,
				49D1F796201CABCD0066F626 /* MaintainUserViewController.swift in Sources */,
				49255FE52010E1C9000E40E9 /* HomeRouter.swift in Sources */,
				49206E1720173AC100B16CD8 /* SettingsInteractor.swift in Sources */,
				49206E0820173A9600B16CD8 /* ShowUsersModels.swift in Sources */,
				4936C952202B328700933DC3 /* TransactionLine.swift in Sources */,
				4936C944202B2ED100933DC3 /* Parent.swift in Sources */,
			);
			runOnlyForDeploymentPostprocessing = 0;
		};
		49255FB3200F9D1B000E40E9 /* Sources */ = {
			isa = PBXSourcesBuildPhase;
			buildActionMask = 2147483647;
			files = (
				49831C652020CBD600C82970 /* MaintainUserInteractorTests.swift in Sources */,
				49255FBC200F9D1B000E40E9 /* HomeControllerTests.swift in Sources */,
				49831C6320208FB600C82970 /* MaintainUserControllerTests.swift in Sources */,
				495A9580201A36BA007347A8 /* ShowUsersWorkerTests.swift in Sources */,
				49831C692020E39A00C82970 /* MaintainUserPresenterTests.swift in Sources */,
				49B569112018EFF1004FE0E4 /* ShowUsersControllerTests.swift in Sources */,
				49831C672020DD9600C82970 /* MaintainUserWorkerTests.swift in Sources */,
				49B569132019027C004FE0E4 /* ShowUsersInteractorTests.swift in Sources */,
				495A9582201A3D61007347A8 /* ShowUsersPresenterTest.swift in Sources */,
				493803082022512600A4DC3C /* HelpPanelControllerTests.swift in Sources */,
			);
			runOnlyForDeploymentPostprocessing = 0;
		};
		49255FBE200F9D1B000E40E9 /* Sources */ = {
			isa = PBXSourcesBuildPhase;
			buildActionMask = 2147483647;
			files = (
				49255FC7200F9D1B000E40E9 /* SpondoolicksUITests.swift in Sources */,
			);
			runOnlyForDeploymentPostprocessing = 0;
		};
/* End PBXSourcesBuildPhase section */

/* Begin PBXTargetDependency section */
		49255FB9200F9D1B000E40E9 /* PBXTargetDependency */ = {
			isa = PBXTargetDependency;
			target = 49255FA2200F9D1B000E40E9 /* Spondoolicks */;
			targetProxy = 49255FB8200F9D1B000E40E9 /* PBXContainerItemProxy */;
		};
		49255FC4200F9D1B000E40E9 /* PBXTargetDependency */ = {
			isa = PBXTargetDependency;
			target = 49255FA2200F9D1B000E40E9 /* Spondoolicks */;
			targetProxy = 49255FC3200F9D1B000E40E9 /* PBXContainerItemProxy */;
		};
/* End PBXTargetDependency section */

/* Begin PBXVariantGroup section */
		49255FAA200F9D1B000E40E9 /* Main.storyboard */ = {
			isa = PBXVariantGroup;
			children = (
				49255FAB200F9D1B000E40E9 /* Base */,
			);
			name = Main.storyboard;
			sourceTree = "<group>";
		};
		49255FAF200F9D1B000E40E9 /* LaunchScreen.storyboard */ = {
			isa = PBXVariantGroup;
			children = (
				49255FB0200F9D1B000E40E9 /* Base */,
			);
			name = LaunchScreen.storyboard;
			sourceTree = "<group>";
		};
/* End PBXVariantGroup section */

/* Begin XCBuildConfiguration section */
		49255FC9200F9D1B000E40E9 /* Debug */ = {
			isa = XCBuildConfiguration;
			buildSettings = {
				ALWAYS_SEARCH_USER_PATHS = NO;
				CLANG_ANALYZER_NONNULL = YES;
				CLANG_ANALYZER_NUMBER_OBJECT_CONVERSION = YES_AGGRESSIVE;
				CLANG_CXX_LANGUAGE_STANDARD = "gnu++14";
				CLANG_CXX_LIBRARY = "libc++";
				CLANG_ENABLE_MODULES = YES;
				CLANG_ENABLE_OBJC_ARC = YES;
				CLANG_WARN_BLOCK_CAPTURE_AUTORELEASING = YES;
				CLANG_WARN_BOOL_CONVERSION = YES;
				CLANG_WARN_COMMA = YES;
				CLANG_WARN_CONSTANT_CONVERSION = YES;
				CLANG_WARN_DIRECT_OBJC_ISA_USAGE = YES_ERROR;
				CLANG_WARN_DOCUMENTATION_COMMENTS = YES;
				CLANG_WARN_EMPTY_BODY = YES;
				CLANG_WARN_ENUM_CONVERSION = YES;
				CLANG_WARN_INFINITE_RECURSION = YES;
				CLANG_WARN_INT_CONVERSION = YES;
				CLANG_WARN_NON_LITERAL_NULL_CONVERSION = YES;
				CLANG_WARN_OBJC_LITERAL_CONVERSION = YES;
				CLANG_WARN_OBJC_ROOT_CLASS = YES_ERROR;
				CLANG_WARN_RANGE_LOOP_ANALYSIS = YES;
				CLANG_WARN_STRICT_PROTOTYPES = YES;
				CLANG_WARN_SUSPICIOUS_MOVE = YES;
				CLANG_WARN_UNGUARDED_AVAILABILITY = YES_AGGRESSIVE;
				CLANG_WARN_UNREACHABLE_CODE = YES;
				CLANG_WARN__DUPLICATE_METHOD_MATCH = YES;
				CODE_SIGN_IDENTITY = "iPhone Developer";
				COPY_PHASE_STRIP = NO;
				DEBUG_INFORMATION_FORMAT = dwarf;
				ENABLE_STRICT_OBJC_MSGSEND = YES;
				ENABLE_TESTABILITY = YES;
				GCC_C_LANGUAGE_STANDARD = gnu11;
				GCC_DYNAMIC_NO_PIC = NO;
				GCC_NO_COMMON_BLOCKS = YES;
				GCC_OPTIMIZATION_LEVEL = 0;
				GCC_PREPROCESSOR_DEFINITIONS = (
					"DEBUG=1",
					"$(inherited)",
				);
				GCC_WARN_64_TO_32_BIT_CONVERSION = YES;
				GCC_WARN_ABOUT_RETURN_TYPE = YES_ERROR;
				GCC_WARN_UNDECLARED_SELECTOR = YES;
				GCC_WARN_UNINITIALIZED_AUTOS = YES_AGGRESSIVE;
				GCC_WARN_UNUSED_FUNCTION = YES;
				GCC_WARN_UNUSED_VARIABLE = YES;
				IPHONEOS_DEPLOYMENT_TARGET = 11.2;
				MTL_ENABLE_DEBUG_INFO = YES;
				ONLY_ACTIVE_ARCH = YES;
				SDKROOT = iphoneos;
				SWIFT_ACTIVE_COMPILATION_CONDITIONS = DEBUG;
				SWIFT_OPTIMIZATION_LEVEL = "-Onone";
			};
			name = Debug;
		};
		49255FCA200F9D1B000E40E9 /* Release */ = {
			isa = XCBuildConfiguration;
			buildSettings = {
				ALWAYS_SEARCH_USER_PATHS = NO;
				CLANG_ANALYZER_NONNULL = YES;
				CLANG_ANALYZER_NUMBER_OBJECT_CONVERSION = YES_AGGRESSIVE;
				CLANG_CXX_LANGUAGE_STANDARD = "gnu++14";
				CLANG_CXX_LIBRARY = "libc++";
				CLANG_ENABLE_MODULES = YES;
				CLANG_ENABLE_OBJC_ARC = YES;
				CLANG_WARN_BLOCK_CAPTURE_AUTORELEASING = YES;
				CLANG_WARN_BOOL_CONVERSION = YES;
				CLANG_WARN_COMMA = YES;
				CLANG_WARN_CONSTANT_CONVERSION = YES;
				CLANG_WARN_DIRECT_OBJC_ISA_USAGE = YES_ERROR;
				CLANG_WARN_DOCUMENTATION_COMMENTS = YES;
				CLANG_WARN_EMPTY_BODY = YES;
				CLANG_WARN_ENUM_CONVERSION = YES;
				CLANG_WARN_INFINITE_RECURSION = YES;
				CLANG_WARN_INT_CONVERSION = YES;
				CLANG_WARN_NON_LITERAL_NULL_CONVERSION = YES;
				CLANG_WARN_OBJC_LITERAL_CONVERSION = YES;
				CLANG_WARN_OBJC_ROOT_CLASS = YES_ERROR;
				CLANG_WARN_RANGE_LOOP_ANALYSIS = YES;
				CLANG_WARN_STRICT_PROTOTYPES = YES;
				CLANG_WARN_SUSPICIOUS_MOVE = YES;
				CLANG_WARN_UNGUARDED_AVAILABILITY = YES_AGGRESSIVE;
				CLANG_WARN_UNREACHABLE_CODE = YES;
				CLANG_WARN__DUPLICATE_METHOD_MATCH = YES;
				CODE_SIGN_IDENTITY = "iPhone Developer";
				COPY_PHASE_STRIP = NO;
				DEBUG_INFORMATION_FORMAT = "dwarf-with-dsym";
				ENABLE_NS_ASSERTIONS = NO;
				ENABLE_STRICT_OBJC_MSGSEND = YES;
				GCC_C_LANGUAGE_STANDARD = gnu11;
				GCC_NO_COMMON_BLOCKS = YES;
				GCC_WARN_64_TO_32_BIT_CONVERSION = YES;
				GCC_WARN_ABOUT_RETURN_TYPE = YES_ERROR;
				GCC_WARN_UNDECLARED_SELECTOR = YES;
				GCC_WARN_UNINITIALIZED_AUTOS = YES_AGGRESSIVE;
				GCC_WARN_UNUSED_FUNCTION = YES;
				GCC_WARN_UNUSED_VARIABLE = YES;
				IPHONEOS_DEPLOYMENT_TARGET = 11.2;
				MTL_ENABLE_DEBUG_INFO = NO;
				SDKROOT = iphoneos;
				SWIFT_OPTIMIZATION_LEVEL = "-Owholemodule";
				VALIDATE_PRODUCT = YES;
			};
			name = Release;
		};
		49255FCC200F9D1B000E40E9 /* Debug */ = {
			isa = XCBuildConfiguration;
			buildSettings = {
				ASSETCATALOG_COMPILER_APPICON_NAME = AppIcon;
				CODE_SIGN_STYLE = Automatic;
				DEVELOPMENT_TEAM = TCF365AV8Z;
				INFOPLIST_FILE = "Spondoolicks/Supporting Files/Info.plist";
				LD_RUNPATH_SEARCH_PATHS = "$(inherited) @executable_path/Frameworks";
				PRODUCT_BUNDLE_IDENTIFIER = co.uk.eyemagine.Spondoolicks;
				PRODUCT_NAME = "$(TARGET_NAME)";
				SWIFT_VERSION = 4.0;
				TARGETED_DEVICE_FAMILY = "1,2";
			};
			name = Debug;
		};
		49255FCD200F9D1B000E40E9 /* Release */ = {
			isa = XCBuildConfiguration;
			buildSettings = {
				ASSETCATALOG_COMPILER_APPICON_NAME = AppIcon;
				CODE_SIGN_STYLE = Automatic;
				DEVELOPMENT_TEAM = TCF365AV8Z;
				INFOPLIST_FILE = "Spondoolicks/Supporting Files/Info.plist";
				LD_RUNPATH_SEARCH_PATHS = "$(inherited) @executable_path/Frameworks";
				PRODUCT_BUNDLE_IDENTIFIER = co.uk.eyemagine.Spondoolicks;
				PRODUCT_NAME = "$(TARGET_NAME)";
				SWIFT_VERSION = 4.0;
				TARGETED_DEVICE_FAMILY = "1,2";
			};
			name = Release;
		};
		49255FCF200F9D1B000E40E9 /* Debug */ = {
			isa = XCBuildConfiguration;
			buildSettings = {
				ALWAYS_EMBED_SWIFT_STANDARD_LIBRARIES = YES;
				BUNDLE_LOADER = "$(TEST_HOST)";
				CODE_SIGN_STYLE = Automatic;
				DEVELOPMENT_TEAM = TCF365AV8Z;
				INFOPLIST_FILE = SpondoolicksTests/Info.plist;
				LD_RUNPATH_SEARCH_PATHS = "$(inherited) @executable_path/Frameworks @loader_path/Frameworks";
				PRODUCT_BUNDLE_IDENTIFIER = co.uk.eyemagine.SpondoolicksTests;
				PRODUCT_NAME = "$(TARGET_NAME)";
				SWIFT_VERSION = 4.0;
				TARGETED_DEVICE_FAMILY = "1,2";
				TEST_HOST = "$(BUILT_PRODUCTS_DIR)/Spondoolicks.app/Spondoolicks";
			};
			name = Debug;
		};
		49255FD0200F9D1B000E40E9 /* Release */ = {
			isa = XCBuildConfiguration;
			buildSettings = {
				ALWAYS_EMBED_SWIFT_STANDARD_LIBRARIES = YES;
				BUNDLE_LOADER = "$(TEST_HOST)";
				CODE_SIGN_STYLE = Automatic;
				DEVELOPMENT_TEAM = TCF365AV8Z;
				INFOPLIST_FILE = SpondoolicksTests/Info.plist;
				LD_RUNPATH_SEARCH_PATHS = "$(inherited) @executable_path/Frameworks @loader_path/Frameworks";
				PRODUCT_BUNDLE_IDENTIFIER = co.uk.eyemagine.SpondoolicksTests;
				PRODUCT_NAME = "$(TARGET_NAME)";
				SWIFT_VERSION = 4.0;
				TARGETED_DEVICE_FAMILY = "1,2";
				TEST_HOST = "$(BUILT_PRODUCTS_DIR)/Spondoolicks.app/Spondoolicks";
			};
			name = Release;
		};
		49255FD2200F9D1B000E40E9 /* Debug */ = {
			isa = XCBuildConfiguration;
			buildSettings = {
				ALWAYS_EMBED_SWIFT_STANDARD_LIBRARIES = YES;
				CODE_SIGN_STYLE = Automatic;
				DEVELOPMENT_TEAM = TCF365AV8Z;
				INFOPLIST_FILE = SpondoolicksUITests/Info.plist;
				LD_RUNPATH_SEARCH_PATHS = "$(inherited) @executable_path/Frameworks @loader_path/Frameworks";
				PRODUCT_BUNDLE_IDENTIFIER = co.uk.eyemagine.SpondoolicksUITests;
				PRODUCT_NAME = "$(TARGET_NAME)";
				SWIFT_VERSION = 4.0;
				TARGETED_DEVICE_FAMILY = "1,2";
				TEST_TARGET_NAME = Spondoolicks;
			};
			name = Debug;
		};
		49255FD3200F9D1B000E40E9 /* Release */ = {
			isa = XCBuildConfiguration;
			buildSettings = {
				ALWAYS_EMBED_SWIFT_STANDARD_LIBRARIES = YES;
				CODE_SIGN_STYLE = Automatic;
				DEVELOPMENT_TEAM = TCF365AV8Z;
				INFOPLIST_FILE = SpondoolicksUITests/Info.plist;
				LD_RUNPATH_SEARCH_PATHS = "$(inherited) @executable_path/Frameworks @loader_path/Frameworks";
				PRODUCT_BUNDLE_IDENTIFIER = co.uk.eyemagine.SpondoolicksUITests;
				PRODUCT_NAME = "$(TARGET_NAME)";
				SWIFT_VERSION = 4.0;
				TARGETED_DEVICE_FAMILY = "1,2";
				TEST_TARGET_NAME = Spondoolicks;
			};
			name = Release;
		};
/* End XCBuildConfiguration section */

/* Begin XCConfigurationList section */
		49255F9E200F9D1B000E40E9 /* Build configuration list for PBXProject "Spondoolicks" */ = {
			isa = XCConfigurationList;
			buildConfigurations = (
				49255FC9200F9D1B000E40E9 /* Debug */,
				49255FCA200F9D1B000E40E9 /* Release */,
			);
			defaultConfigurationIsVisible = 0;
			defaultConfigurationName = Release;
		};
		49255FCB200F9D1B000E40E9 /* Build configuration list for PBXNativeTarget "Spondoolicks" */ = {
			isa = XCConfigurationList;
			buildConfigurations = (
				49255FCC200F9D1B000E40E9 /* Debug */,
				49255FCD200F9D1B000E40E9 /* Release */,
			);
			defaultConfigurationIsVisible = 0;
			defaultConfigurationName = Release;
		};
		49255FCE200F9D1B000E40E9 /* Build configuration list for PBXNativeTarget "SpondoolicksTests" */ = {
			isa = XCConfigurationList;
			buildConfigurations = (
				49255FCF200F9D1B000E40E9 /* Debug */,
				49255FD0200F9D1B000E40E9 /* Release */,
			);
			defaultConfigurationIsVisible = 0;
			defaultConfigurationName = Release;
		};
		49255FD1200F9D1B000E40E9 /* Build configuration list for PBXNativeTarget "SpondoolicksUITests" */ = {
			isa = XCConfigurationList;
			buildConfigurations = (
				49255FD2200F9D1B000E40E9 /* Debug */,
				49255FD3200F9D1B000E40E9 /* Release */,
			);
			defaultConfigurationIsVisible = 0;
			defaultConfigurationName = Release;
		};
/* End XCConfigurationList section */

/* Begin XCVersionGroup section */
		4936C940202B1CEF00933DC3 /* SpondoolicksDataModel.xcdatamodeld */ = {
			isa = XCVersionGroup;
			children = (
				4936C941202B1CEF00933DC3 /* SpondoolicksDataModel.xcdatamodel */,
			);
			currentVersion = 4936C941202B1CEF00933DC3 /* SpondoolicksDataModel.xcdatamodel */;
			path = SpondoolicksDataModel.xcdatamodeld;
			sourceTree = "<group>";
			versionGroupType = wrapper.xcdatamodel;
		};
/* End XCVersionGroup section */
	};
	rootObject = 49255F9B200F9D1B000E40E9 /* Project object */;
}
