// !$*UTF8*$!
{
	archiveVersion = 1;
	classes = {
	};
	objectVersion = 48;
	objects = {

/* Begin PBXBuildFile section */
		49255FA7200F9D1B000E40E9 /* AppDelegate.swift in Sources */ = {isa = PBXBuildFile; fileRef = 49255FA6200F9D1B000E40E9 /* AppDelegate.swift */; };
		49255FA9200F9D1B000E40E9 /* ViewController.swift in Sources */ = {isa = PBXBuildFile; fileRef = 49255FA8200F9D1B000E40E9 /* ViewController.swift */; };
		49255FAC200F9D1B000E40E9 /* Main.storyboard in Resources */ = {isa = PBXBuildFile; fileRef = 49255FAA200F9D1B000E40E9 /* Main.storyboard */; };
		49255FAE200F9D1B000E40E9 /* Assets.xcassets in Resources */ = {isa = PBXBuildFile; fileRef = 49255FAD200F9D1B000E40E9 /* Assets.xcassets */; };
		49255FB1200F9D1B000E40E9 /* LaunchScreen.storyboard in Resources */ = {isa = PBXBuildFile; fileRef = 49255FAF200F9D1B000E40E9 /* LaunchScreen.storyboard */; };
		49255FBC200F9D1B000E40E9 /* SpondoolicksTests.swift in Sources */ = {isa = PBXBuildFile; fileRef = 49255FBB200F9D1B000E40E9 /* SpondoolicksTests.swift */; };
		49255FC7200F9D1B000E40E9 /* SpondoolicksUITests.swift in Sources */ = {isa = PBXBuildFile; fileRef = 49255FC6200F9D1B000E40E9 /* SpondoolicksUITests.swift */; };
		49255FE32010E1C9000E40E9 /* HomePresenter.swift in Sources */ = {isa = PBXBuildFile; fileRef = 49255FDD2010E1C9000E40E9 /* HomePresenter.swift */; };
		49255FE42010E1C9000E40E9 /* HomeWorker.swift in Sources */ = {isa = PBXBuildFile; fileRef = 49255FDE2010E1C9000E40E9 /* HomeWorker.swift */; };
		49255FE52010E1C9000E40E9 /* HomeRouter.swift in Sources */ = {isa = PBXBuildFile; fileRef = 49255FDF2010E1C9000E40E9 /* HomeRouter.swift */; };
		49255FE62010E1C9000E40E9 /* HomeModels.swift in Sources */ = {isa = PBXBuildFile; fileRef = 49255FE02010E1C9000E40E9 /* HomeModels.swift */; };
		49255FE72010E1C9000E40E9 /* HomeViewController.swift in Sources */ = {isa = PBXBuildFile; fileRef = 49255FE12010E1C9000E40E9 /* HomeViewController.swift */; };
		49255FE82010E1C9000E40E9 /* HomeInteractor.swift in Sources */ = {isa = PBXBuildFile; fileRef = 49255FE22010E1C9000E40E9 /* HomeInteractor.swift */; };
		49255FEB2010EB34000E40E9 /* UIFrameworkExtensions.swift in Sources */ = {isa = PBXBuildFile; fileRef = 49255FEA2010EB34000E40E9 /* UIFrameworkExtensions.swift */; };
		49255FF02010FCFB000E40E9 /* OpenSans-Regular.ttf in Resources */ = {isa = PBXBuildFile; fileRef = 49255FED2010FCFA000E40E9 /* OpenSans-Regular.ttf */; };
		49255FF12010FCFB000E40E9 /* OpenSans-Bold.ttf in Resources */ = {isa = PBXBuildFile; fileRef = 49255FEE2010FCFA000E40E9 /* OpenSans-Bold.ttf */; };
		49255FF22010FCFB000E40E9 /* OpenSans-SemiBold.ttf in Resources */ = {isa = PBXBuildFile; fileRef = 49255FEF2010FCFB000E40E9 /* OpenSans-SemiBold.ttf */; };
		49255FF5201107FB000E40E9 /* Constants.swift in Sources */ = {isa = PBXBuildFile; fileRef = 49255FF4201107FB000E40E9 /* Constants.swift */; };
/* End PBXBuildFile section */

/* Begin PBXContainerItemProxy section */
		49255FB8200F9D1B000E40E9 /* PBXContainerItemProxy */ = {
			isa = PBXContainerItemProxy;
			containerPortal = 49255F9B200F9D1B000E40E9 /* Project object */;
			proxyType = 1;
			remoteGlobalIDString = 49255FA2200F9D1B000E40E9;
			remoteInfo = Spondoolicks;
		};
		49255FC3200F9D1B000E40E9 /* PBXContainerItemProxy */ = {
			isa = PBXContainerItemProxy;
			containerPortal = 49255F9B200F9D1B000E40E9 /* Project object */;
			proxyType = 1;
			remoteGlobalIDString = 49255FA2200F9D1B000E40E9;
			remoteInfo = Spondoolicks;
		};
/* End PBXContainerItemProxy section */

/* Begin PBXFileReference section */
		49255FA3200F9D1B000E40E9 /* Spondoolicks.app */ = {isa = PBXFileReference; explicitFileType = wrapper.application; includeInIndex = 0; path = Spondoolicks.app; sourceTree = BUILT_PRODUCTS_DIR; };
		49255FA6200F9D1B000E40E9 /* AppDelegate.swift */ = {isa = PBXFileReference; lastKnownFileType = sourcecode.swift; path = AppDelegate.swift; sourceTree = "<group>"; };
		49255FA8200F9D1B000E40E9 /* ViewController.swift */ = {isa = PBXFileReference; lastKnownFileType = sourcecode.swift; path = ViewController.swift; sourceTree = "<group>"; };
		49255FAB200F9D1B000E40E9 /* Base */ = {isa = PBXFileReference; lastKnownFileType = file.storyboard; name = Base; path = Base.lproj/Main.storyboard; sourceTree = "<group>"; };
		49255FAD200F9D1B000E40E9 /* Assets.xcassets */ = {isa = PBXFileReference; lastKnownFileType = folder.assetcatalog; path = Assets.xcassets; sourceTree = "<group>"; };
		49255FB0200F9D1B000E40E9 /* Base */ = {isa = PBXFileReference; lastKnownFileType = file.storyboard; name = Base; path = Base.lproj/LaunchScreen.storyboard; sourceTree = "<group>"; };
		49255FB2200F9D1B000E40E9 /* Info.plist */ = {isa = PBXFileReference; lastKnownFileType = text.plist.xml; path = Info.plist; sourceTree = "<group>"; };
		49255FB7200F9D1B000E40E9 /* SpondoolicksTests.xctest */ = {isa = PBXFileReference; explicitFileType = wrapper.cfbundle; includeInIndex = 0; path = SpondoolicksTests.xctest; sourceTree = BUILT_PRODUCTS_DIR; };
		49255FBB200F9D1B000E40E9 /* SpondoolicksTests.swift */ = {isa = PBXFileReference; lastKnownFileType = sourcecode.swift; path = SpondoolicksTests.swift; sourceTree = "<group>"; };
		49255FBD200F9D1B000E40E9 /* Info.plist */ = {isa = PBXFileReference; lastKnownFileType = text.plist.xml; path = Info.plist; sourceTree = "<group>"; };
		49255FC2200F9D1B000E40E9 /* SpondoolicksUITests.xctest */ = {isa = PBXFileReference; explicitFileType = wrapper.cfbundle; includeInIndex = 0; path = SpondoolicksUITests.xctest; sourceTree = BUILT_PRODUCTS_DIR; };
		49255FC6200F9D1B000E40E9 /* SpondoolicksUITests.swift */ = {isa = PBXFileReference; lastKnownFileType = sourcecode.swift; path = SpondoolicksUITests.swift; sourceTree = "<group>"; };
		49255FC8200F9D1B000E40E9 /* Info.plist */ = {isa = PBXFileReference; lastKnownFileType = text.plist.xml; path = Info.plist; sourceTree = "<group>"; };
		49255FDC200F9F27000E40E9 /* README.md */ = {isa = PBXFileReference; lastKnownFileType = net.daringfireball.markdown; path = README.md; sourceTree = "<group>"; };
		49255FDD2010E1C9000E40E9 /* HomePresenter.swift */ = {isa = PBXFileReference; lastKnownFileType = sourcecode.swift; path = HomePresenter.swift; sourceTree = "<group>"; };
		49255FDE2010E1C9000E40E9 /* HomeWorker.swift */ = {isa = PBXFileReference; lastKnownFileType = sourcecode.swift; path = HomeWorker.swift; sourceTree = "<group>"; };
		49255FDF2010E1C9000E40E9 /* HomeRouter.swift */ = {isa = PBXFileReference; lastKnownFileType = sourcecode.swift; path = HomeRouter.swift; sourceTree = "<group>"; };
		49255FE02010E1C9000E40E9 /* HomeModels.swift */ = {isa = PBXFileReference; lastKnownFileType = sourcecode.swift; path = HomeModels.swift; sourceTree = "<group>"; };
		49255FE12010E1C9000E40E9 /* HomeViewController.swift */ = {isa = PBXFileReference; lastKnownFileType = sourcecode.swift; path = HomeViewController.swift; sourceTree = "<group>"; };
		49255FE22010E1C9000E40E9 /* HomeInteractor.swift */ = {isa = PBXFileReference; lastKnownFileType = sourcecode.swift; path = HomeInteractor.swift; sourceTree = "<group>"; };
		49255FEA2010EB34000E40E9 /* UIFrameworkExtensions.swift */ = {isa = PBXFileReference; lastKnownFileType = sourcecode.swift; path = UIFrameworkExtensions.swift; sourceTree = "<group>"; };
		49255FED2010FCFA000E40E9 /* OpenSans-Regular.ttf */ = {isa = PBXFileReference; lastKnownFileType = file; path = "OpenSans-Regular.ttf"; sourceTree = "<group>"; };
		49255FEE2010FCFA000E40E9 /* OpenSans-Bold.ttf */ = {isa = PBXFileReference; lastKnownFileType = file; path = "OpenSans-Bold.ttf"; sourceTree = "<group>"; };
		49255FEF2010FCFB000E40E9 /* OpenSans-SemiBold.ttf */ = {isa = PBXFileReference; lastKnownFileType = file; path = "OpenSans-SemiBold.ttf"; sourceTree = "<group>"; };
		49255FF4201107FB000E40E9 /* Constants.swift */ = {isa = PBXFileReference; lastKnownFileType = sourcecode.swift; path = Constants.swift; sourceTree = "<group>"; };
/* End PBXFileReference section */

/* Begin PBXFrameworksBuildPhase section */
		49255FA0200F9D1B000E40E9 /* Frameworks */ = {
			isa = PBXFrameworksBuildPhase;
			buildActionMask = 2147483647;
			files = (
			);
			runOnlyForDeploymentPostprocessing = 0;
		};
		49255FB4200F9D1B000E40E9 /* Frameworks */ = {
			isa = PBXFrameworksBuildPhase;
			buildActionMask = 2147483647;
			files = (
			);
			runOnlyForDeploymentPostprocessing = 0;
		};
		49255FBF200F9D1B000E40E9 /* Frameworks */ = {
			isa = PBXFrameworksBuildPhase;
			buildActionMask = 2147483647;
			files = (
			);
			runOnlyForDeploymentPostprocessing = 0;
		};
/* End PBXFrameworksBuildPhase section */

/* Begin PBXGroup section */
		49255F9A200F9D1B000E40E9 = {
			isa = PBXGroup;
			children = (
				49255FDC200F9F27000E40E9 /* README.md */,
				49255FA5200F9D1B000E40E9 /* Spondoolicks */,
				49255FBA200F9D1B000E40E9 /* SpondoolicksTests */,
				49255FC5200F9D1B000E40E9 /* SpondoolicksUITests */,
				49255FA4200F9D1B000E40E9 /* Products */,
			);
			sourceTree = "<group>";
		};
		49255FA4200F9D1B000E40E9 /* Products */ = {
			isa = PBXGroup;
			children = (
				49255FA3200F9D1B000E40E9 /* Spondoolicks.app */,
				49255FB7200F9D1B000E40E9 /* SpondoolicksTests.xctest */,
				49255FC2200F9D1B000E40E9 /* SpondoolicksUITests.xctest */,
			);
			name = Products;
			sourceTree = "<group>";
		};
		49255FA5200F9D1B000E40E9 /* Spondoolicks */ = {
			isa = PBXGroup;
			children = (
				49255FDB200F9E82000E40E9 /* Models */,
				49255FDA200F9E7A000E40E9 /* Services */,
				49255FD9200F9E73000E40E9 /* Helpers */,
				49255FD8200F9E4E000E40E9 /* Scenes */,
				49255FD7200F9E35000E40E9 /* Supporting Files */,
				49255FD6200F9E23000E40E9 /* Resources */,
				49255FD5200F9E06000E40E9 /* Storyboards */,
				49255FD4200F9DF8000E40E9 /* Application */,
				49255FA8200F9D1B000E40E9 /* ViewController.swift */,
			);
			path = Spondoolicks;
			sourceTree = "<group>";
		};
		49255FBA200F9D1B000E40E9 /* SpondoolicksTests */ = {
			isa = PBXGroup;
			children = (
				49255FBB200F9D1B000E40E9 /* SpondoolicksTests.swift */,
				49255FBD200F9D1B000E40E9 /* Info.plist */,
			);
			path = SpondoolicksTests;
			sourceTree = "<group>";
		};
		49255FC5200F9D1B000E40E9 /* SpondoolicksUITests */ = {
			isa = PBXGroup;
			children = (
				49255FC6200F9D1B000E40E9 /* SpondoolicksUITests.swift */,
				49255FC8200F9D1B000E40E9 /* Info.plist */,
			);
			path = SpondoolicksUITests;
			sourceTree = "<group>";
		};
		49255FD4200F9DF8000E40E9 /* Application */ = {
			isa = PBXGroup;
			children = (
				49255FA6200F9D1B000E40E9 /* AppDelegate.swift */,
			);
			path = Application;
			sourceTree = "<group>";
		};
		49255FD5200F9E06000E40E9 /* Storyboards */ = {
			isa = PBXGroup;
			children = (
				49255FAA200F9D1B000E40E9 /* Main.storyboard */,
				49255FAF200F9D1B000E40E9 /* LaunchScreen.storyboard */,
			);
			path = Storyboards;
			sourceTree = "<group>";
		};
		49255FD6200F9E23000E40E9 /* Resources */ = {
			isa = PBXGroup;
			children = (
				49255FEC2010FC64000E40E9 /* Fonts */,
				49255FAD200F9D1B000E40E9 /* Assets.xcassets */,
			);
			path = Resources;
			sourceTree = "<group>";
		};
		49255FD7200F9E35000E40E9 /* Supporting Files */ = {
			isa = PBXGroup;
			children = (
				49255FB2200F9D1B000E40E9 /* Info.plist */,
			);
			path = "Supporting Files";
			sourceTree = "<group>";
		};
		49255FD8200F9E4E000E40E9 /* Scenes */ = {
			isa = PBXGroup;
			children = (
				49255FE92010E1D0000E40E9 /* Home */,
			);
			path = Scenes;
			sourceTree = "<group>";
		};
		49255FD9200F9E73000E40E9 /* Helpers */ = {
			isa = PBXGroup;
			children = (
				49255FEA2010EB34000E40E9 /* UIFrameworkExtensions.swift */,
				49255FF4201107FB000E40E9 /* Constants.swift */,
			);
			path = Helpers;
			sourceTree = "<group>";
		};
		49255FDA200F9E7A000E40E9 /* Services */ = {
			isa = PBXGroup;
			children = (
			);
			path = Services;
			sourceTree = "<group>";
		};
		49255FDB200F9E82000E40E9 /* Models */ = {
			isa = PBXGroup;
			children = (
			);
			path = Models;
			sourceTree = "<group>";
		};
		49255FE92010E1D0000E40E9 /* Home */ = {
			isa = PBXGroup;
			children = (
				49255FDD2010E1C9000E40E9 /* HomePresenter.swift */,
				49255FDE2010E1C9000E40E9 /* HomeWorker.swift */,
				49255FDF2010E1C9000E40E9 /* HomeRouter.swift */,
				49255FE02010E1C9000E40E9 /* HomeModels.swift */,
				49255FE12010E1C9000E40E9 /* HomeViewController.swift */,
				49255FE22010E1C9000E40E9 /* HomeInteractor.swift */,
			);
			path = Home;
			sourceTree = "<group>";
		};
		49255FEC2010FC64000E40E9 /* Fonts */ = {
			isa = PBXGroup;
			children = (
				49255FEE2010FCFA000E40E9 /* OpenSans-Bold.ttf */,
				49255FED2010FCFA000E40E9 /* OpenSans-Regular.ttf */,
				49255FEF2010FCFB000E40E9 /* OpenSans-SemiBold.ttf */,
			);
			path = Fonts;
			sourceTree = "<group>";
		};
/* End PBXGroup section */

/* Begin PBXNativeTarget section */
		49255FA2200F9D1B000E40E9 /* Spondoolicks */ = {
			isa = PBXNativeTarget;
			buildConfigurationList = 49255FCB200F9D1B000E40E9 /* Build configuration list for PBXNativeTarget "Spondoolicks" */;
			buildPhases = (
				49255F9F200F9D1B000E40E9 /* Sources */,
				49255FA0200F9D1B000E40E9 /* Frameworks */,
				49255FA1200F9D1B000E40E9 /* Resources */,
			);
			buildRules = (
			);
			dependencies = (
			);
			name = Spondoolicks;
			productName = Spondoolicks;
			productReference = 49255FA3200F9D1B000E40E9 /* Spondoolicks.app */;
			productType = "com.apple.product-type.application";
		};
		49255FB6200F9D1B000E40E9 /* SpondoolicksTests */ = {
			isa = PBXNativeTarget;
			buildConfigurationList = 49255FCE200F9D1B000E40E9 /* Build configuration list for PBXNativeTarget "SpondoolicksTests" */;
			buildPhases = (
				49255FB3200F9D1B000E40E9 /* Sources */,
				49255FB4200F9D1B000E40E9 /* Frameworks */,
				49255FB5200F9D1B000E40E9 /* Resources */,
			);
			buildRules = (
			);
			dependencies = (
				49255FB9200F9D1B000E40E9 /* PBXTargetDependency */,
			);
			name = SpondoolicksTests;
			productName = SpondoolicksTests;
			productReference = 49255FB7200F9D1B000E40E9 /* SpondoolicksTests.xctest */;
			productType = "com.apple.product-type.bundle.unit-test";
		};
		49255FC1200F9D1B000E40E9 /* SpondoolicksUITests */ = {
			isa = PBXNativeTarget;
			buildConfigurationList = 49255FD1200F9D1B000E40E9 /* Build configuration list for PBXNativeTarget "SpondoolicksUITests" */;
			buildPhases = (
				49255FBE200F9D1B000E40E9 /* Sources */,
				49255FBF200F9D1B000E40E9 /* Frameworks */,
				49255FC0200F9D1B000E40E9 /* Resources */,
			);
			buildRules = (
			);
			dependencies = (
				49255FC4200F9D1B000E40E9 /* PBXTargetDependency */,
			);
			name = SpondoolicksUITests;
			productName = SpondoolicksUITests;
			productReference = 49255FC2200F9D1B000E40E9 /* SpondoolicksUITests.xctest */;
			productType = "com.apple.product-type.bundle.ui-testing";
		};
/* End PBXNativeTarget section */

/* Begin PBXProject section */
		49255F9B200F9D1B000E40E9 /* Project object */ = {
			isa = PBXProject;
			attributes = {
				LastSwiftUpdateCheck = 0920;
				LastUpgradeCheck = 0920;
				ORGANIZATIONNAME = "Andrew Johnson";
				TargetAttributes = {
					49255FA2200F9D1B000E40E9 = {
						CreatedOnToolsVersion = 9.2;
						ProvisioningStyle = Automatic;
					};
					49255FB6200F9D1B000E40E9 = {
						CreatedOnToolsVersion = 9.2;
						ProvisioningStyle = Automatic;
						TestTargetID = 49255FA2200F9D1B000E40E9;
					};
					49255FC1200F9D1B000E40E9 = {
						CreatedOnToolsVersion = 9.2;
						ProvisioningStyle = Automatic;
						TestTargetID = 49255FA2200F9D1B000E40E9;
					};
				};
			};
			buildConfigurationList = 49255F9E200F9D1B000E40E9 /* Build configuration list for PBXProject "Spondoolicks" */;
			compatibilityVersion = "Xcode 8.0";
			developmentRegion = en;
			hasScannedForEncodings = 0;
			knownRegions = (
				en,
				Base,
			);
			mainGroup = 49255F9A200F9D1B000E40E9;
			productRefGroup = 49255FA4200F9D1B000E40E9 /* Products */;
			projectDirPath = "";
			projectRoot = "";
			targets = (
				49255FA2200F9D1B000E40E9 /* Spondoolicks */,
				49255FB6200F9D1B000E40E9 /* SpondoolicksTests */,
				49255FC1200F9D1B000E40E9 /* SpondoolicksUITests */,
			);
		};
/* End PBXProject section */

/* Begin PBXResourcesBuildPhase section */
		49255FA1200F9D1B000E40E9 /* Resources */ = {
			isa = PBXResourcesBuildPhase;
			buildActionMask = 2147483647;
			files = (
				49255FB1200F9D1B000E40E9 /* LaunchScreen.storyboard in Resources */,
				49255FAE200F9D1B000E40E9 /* Assets.xcassets in Resources */,
				49255FF02010FCFB000E40E9 /* OpenSans-Regular.ttf in Resources */,
				49255FF12010FCFB000E40E9 /* OpenSans-Bold.ttf in Resources */,
				49255FF22010FCFB000E40E9 /* OpenSans-SemiBold.ttf in Resources */,
				49255FAC200F9D1B000E40E9 /* Main.storyboard in Resources */,
			);
			runOnlyForDeploymentPostprocessing = 0;
		};
		49255FB5200F9D1B000E40E9 /* Resources */ = {
			isa = PBXResourcesBuildPhase;
			buildActionMask = 2147483647;
			files = (
			);
			runOnlyForDeploymentPostprocessing = 0;
		};
		49255FC0200F9D1B000E40E9 /* Resources */ = {
			isa = PBXResourcesBuildPhase;
			buildActionMask = 2147483647;
			files = (
			);
			runOnlyForDeploymentPostprocessing = 0;
		};
/* End PBXResourcesBuildPhase section */

/* Begin PBXSourcesBuildPhase section */
		49255F9F200F9D1B000E40E9 /* Sources */ = {
			isa = PBXSourcesBuildPhase;
			buildActionMask = 2147483647;
			files = (
				49255FE32010E1C9000E40E9 /* HomePresenter.swift in Sources */,
				49255FEB2010EB34000E40E9 /* UIFrameworkExtensions.swift in Sources */,
				49255FA9200F9D1B000E40E9 /* ViewController.swift in Sources */,
				49255FE42010E1C9000E40E9 /* HomeWorker.swift in Sources */,
				49255FE82010E1C9000E40E9 /* HomeInteractor.swift in Sources */,
				49255FF5201107FB000E40E9 /* Constants.swift in Sources */,
				49255FA7200F9D1B000E40E9 /* AppDelegate.swift in Sources */,
				49255FE62010E1C9000E40E9 /* HomeModels.swift in Sources */,
				49255FE72010E1C9000E40E9 /* HomeViewController.swift in Sources */,
				49255FE52010E1C9000E40E9 /* HomeRouter.swift in Sources */,
			);
			runOnlyForDeploymentPostprocessing = 0;
		};
		49255FB3200F9D1B000E40E9 /* Sources */ = {
			isa = PBXSourcesBuildPhase;
			buildActionMask = 2147483647;
			files = (
				49255FBC200F9D1B000E40E9 /* SpondoolicksTests.swift in Sources */,
			);
			runOnlyForDeploymentPostprocessing = 0;
		};
		49255FBE200F9D1B000E40E9 /* Sources */ = {
			isa = PBXSourcesBuildPhase;
			buildActionMask = 2147483647;
			files = (
				49255FC7200F9D1B000E40E9 /* SpondoolicksUITests.swift in Sources */,
			);
			runOnlyForDeploymentPostprocessing = 0;
		};
/* End PBXSourcesBuildPhase section */

/* Begin PBXTargetDependency section */
		49255FB9200F9D1B000E40E9 /* PBXTargetDependency */ = {
			isa = PBXTargetDependency;
			target = 49255FA2200F9D1B000E40E9 /* Spondoolicks */;
			targetProxy = 49255FB8200F9D1B000E40E9 /* PBXContainerItemProxy */;
		};
		49255FC4200F9D1B000E40E9 /* PBXTargetDependency */ = {
			isa = PBXTargetDependency;
			target = 49255FA2200F9D1B000E40E9 /* Spondoolicks */;
			targetProxy = 49255FC3200F9D1B000E40E9 /* PBXContainerItemProxy */;
		};
/* End PBXTargetDependency section */

/* Begin PBXVariantGroup section */
		49255FAA200F9D1B000E40E9 /* Main.storyboard */ = {
			isa = PBXVariantGroup;
			children = (
				49255FAB200F9D1B000E40E9 /* Base */,
			);
			name = Main.storyboard;
			sourceTree = "<group>";
		};
		49255FAF200F9D1B000E40E9 /* LaunchScreen.storyboard */ = {
			isa = PBXVariantGroup;
			children = (
				49255FB0200F9D1B000E40E9 /* Base */,
			);
			name = LaunchScreen.storyboard;
			sourceTree = "<group>";
		};
/* End PBXVariantGroup section */

/* Begin XCBuildConfiguration section */
		49255FC9200F9D1B000E40E9 /* Debug */ = {
			isa = XCBuildConfiguration;
			buildSettings = {
				ALWAYS_SEARCH_USER_PATHS = NO;
				CLANG_ANALYZER_NONNULL = YES;
				CLANG_ANALYZER_NUMBER_OBJECT_CONVERSION = YES_AGGRESSIVE;
				CLANG_CXX_LANGUAGE_STANDARD = "gnu++14";
				CLANG_CXX_LIBRARY = "libc++";
				CLANG_ENABLE_MODULES = YES;
				CLANG_ENABLE_OBJC_ARC = YES;
				CLANG_WARN_BLOCK_CAPTURE_AUTORELEASING = YES;
				CLANG_WARN_BOOL_CONVERSION = YES;
				CLANG_WARN_COMMA = YES;
				CLANG_WARN_CONSTANT_CONVERSION = YES;
				CLANG_WARN_DIRECT_OBJC_ISA_USAGE = YES_ERROR;
				CLANG_WARN_DOCUMENTATION_COMMENTS = YES;
				CLANG_WARN_EMPTY_BODY = YES;
				CLANG_WARN_ENUM_CONVERSION = YES;
				CLANG_WARN_INFINITE_RECURSION = YES;
				CLANG_WARN_INT_CONVERSION = YES;
				CLANG_WARN_NON_LITERAL_NULL_CONVERSION = YES;
				CLANG_WARN_OBJC_LITERAL_CONVERSION = YES;
				CLANG_WARN_OBJC_ROOT_CLASS = YES_ERROR;
				CLANG_WARN_RANGE_LOOP_ANALYSIS = YES;
				CLANG_WARN_STRICT_PROTOTYPES = YES;
				CLANG_WARN_SUSPICIOUS_MOVE = YES;
				CLANG_WARN_UNGUARDED_AVAILABILITY = YES_AGGRESSIVE;
				CLANG_WARN_UNREACHABLE_CODE = YES;
				CLANG_WARN__DUPLICATE_METHOD_MATCH = YES;
				CODE_SIGN_IDENTITY = "iPhone Developer";
				COPY_PHASE_STRIP = NO;
				DEBUG_INFORMATION_FORMAT = dwarf;
				ENABLE_STRICT_OBJC_MSGSEND = YES;
				ENABLE_TESTABILITY = YES;
				GCC_C_LANGUAGE_STANDARD = gnu11;
				GCC_DYNAMIC_NO_PIC = NO;
				GCC_NO_COMMON_BLOCKS = YES;
				GCC_OPTIMIZATION_LEVEL = 0;
				GCC_PREPROCESSOR_DEFINITIONS = (
					"DEBUG=1",
					"$(inherited)",
				);
				GCC_WARN_64_TO_32_BIT_CONVERSION = YES;
				GCC_WARN_ABOUT_RETURN_TYPE = YES_ERROR;
				GCC_WARN_UNDECLARED_SELECTOR = YES;
				GCC_WARN_UNINITIALIZED_AUTOS = YES_AGGRESSIVE;
				GCC_WARN_UNUSED_FUNCTION = YES;
				GCC_WARN_UNUSED_VARIABLE = YES;
				IPHONEOS_DEPLOYMENT_TARGET = 11.2;
				MTL_ENABLE_DEBUG_INFO = YES;
				ONLY_ACTIVE_ARCH = YES;
				SDKROOT = iphoneos;
				SWIFT_ACTIVE_COMPILATION_CONDITIONS = DEBUG;
				SWIFT_OPTIMIZATION_LEVEL = "-Onone";
			};
			name = Debug;
		};
		49255FCA200F9D1B000E40E9 /* Release */ = {
			isa = XCBuildConfiguration;
			buildSettings = {
				ALWAYS_SEARCH_USER_PATHS = NO;
				CLANG_ANALYZER_NONNULL = YES;
				CLANG_ANALYZER_NUMBER_OBJECT_CONVERSION = YES_AGGRESSIVE;
				CLANG_CXX_LANGUAGE_STANDARD = "gnu++14";
				CLANG_CXX_LIBRARY = "libc++";
				CLANG_ENABLE_MODULES = YES;
				CLANG_ENABLE_OBJC_ARC = YES;
				CLANG_WARN_BLOCK_CAPTURE_AUTORELEASING = YES;
				CLANG_WARN_BOOL_CONVERSION = YES;
				CLANG_WARN_COMMA = YES;
				CLANG_WARN_CONSTANT_CONVERSION = YES;
				CLANG_WARN_DIRECT_OBJC_ISA_USAGE = YES_ERROR;
				CLANG_WARN_DOCUMENTATION_COMMENTS = YES;
				CLANG_WARN_EMPTY_BODY = YES;
				CLANG_WARN_ENUM_CONVERSION = YES;
				CLANG_WARN_INFINITE_RECURSION = YES;
				CLANG_WARN_INT_CONVERSION = YES;
				CLANG_WARN_NON_LITERAL_NULL_CONVERSION = YES;
				CLANG_WARN_OBJC_LITERAL_CONVERSION = YES;
				CLANG_WARN_OBJC_ROOT_CLASS = YES_ERROR;
				CLANG_WARN_RANGE_LOOP_ANALYSIS = YES;
				CLANG_WARN_STRICT_PROTOTYPES = YES;
				CLANG_WARN_SUSPICIOUS_MOVE = YES;
				CLANG_WARN_UNGUARDED_AVAILABILITY = YES_AGGRESSIVE;
				CLANG_WARN_UNREACHABLE_CODE = YES;
				CLANG_WARN__DUPLICATE_METHOD_MATCH = YES;
				CODE_SIGN_IDENTITY = "iPhone Developer";
				COPY_PHASE_STRIP = NO;
				DEBUG_INFORMATION_FORMAT = "dwarf-with-dsym";
				ENABLE_NS_ASSERTIONS = NO;
				ENABLE_STRICT_OBJC_MSGSEND = YES;
				GCC_C_LANGUAGE_STANDARD = gnu11;
				GCC_NO_COMMON_BLOCKS = YES;
				GCC_WARN_64_TO_32_BIT_CONVERSION = YES;
				GCC_WARN_ABOUT_RETURN_TYPE = YES_ERROR;
				GCC_WARN_UNDECLARED_SELECTOR = YES;
				GCC_WARN_UNINITIALIZED_AUTOS = YES_AGGRESSIVE;
				GCC_WARN_UNUSED_FUNCTION = YES;
				GCC_WARN_UNUSED_VARIABLE = YES;
				IPHONEOS_DEPLOYMENT_TARGET = 11.2;
				MTL_ENABLE_DEBUG_INFO = NO;
				SDKROOT = iphoneos;
				SWIFT_OPTIMIZATION_LEVEL = "-Owholemodule";
				VALIDATE_PRODUCT = YES;
			};
			name = Release;
		};
		49255FCC200F9D1B000E40E9 /* Debug */ = {
			isa = XCBuildConfiguration;
			buildSettings = {
				ASSETCATALOG_COMPILER_APPICON_NAME = AppIcon;
				CODE_SIGN_STYLE = Automatic;
				DEVELOPMENT_TEAM = TCF365AV8Z;
				INFOPLIST_FILE = "Spondoolicks/Supporting Files/Info.plist";
				LD_RUNPATH_SEARCH_PATHS = "$(inherited) @executable_path/Frameworks";
				PRODUCT_BUNDLE_IDENTIFIER = co.uk.eyemagine.Spondoolicks;
				PRODUCT_NAME = "$(TARGET_NAME)";
				SWIFT_VERSION = 4.0;
				TARGETED_DEVICE_FAMILY = "1,2";
			};
			name = Debug;
		};
		49255FCD200F9D1B000E40E9 /* Release */ = {
			isa = XCBuildConfiguration;
			buildSettings = {
				ASSETCATALOG_COMPILER_APPICON_NAME = AppIcon;
				CODE_SIGN_STYLE = Automatic;
				DEVELOPMENT_TEAM = TCF365AV8Z;
				INFOPLIST_FILE = "Spondoolicks/Supporting Files/Info.plist";
				LD_RUNPATH_SEARCH_PATHS = "$(inherited) @executable_path/Frameworks";
				PRODUCT_BUNDLE_IDENTIFIER = co.uk.eyemagine.Spondoolicks;
				PRODUCT_NAME = "$(TARGET_NAME)";
				SWIFT_VERSION = 4.0;
				TARGETED_DEVICE_FAMILY = "1,2";
			};
			name = Release;
		};
		49255FCF200F9D1B000E40E9 /* Debug */ = {
			isa = XCBuildConfiguration;
			buildSettings = {
				ALWAYS_EMBED_SWIFT_STANDARD_LIBRARIES = YES;
				BUNDLE_LOADER = "$(TEST_HOST)";
				CODE_SIGN_STYLE = Automatic;
				DEVELOPMENT_TEAM = TCF365AV8Z;
				INFOPLIST_FILE = SpondoolicksTests/Info.plist;
				LD_RUNPATH_SEARCH_PATHS = "$(inherited) @executable_path/Frameworks @loader_path/Frameworks";
				PRODUCT_BUNDLE_IDENTIFIER = co.uk.eyemagine.SpondoolicksTests;
				PRODUCT_NAME = "$(TARGET_NAME)";
				SWIFT_VERSION = 4.0;
				TARGETED_DEVICE_FAMILY = "1,2";
				TEST_HOST = "$(BUILT_PRODUCTS_DIR)/Spondoolicks.app/Spondoolicks";
			};
			name = Debug;
		};
		49255FD0200F9D1B000E40E9 /* Release */ = {
			isa = XCBuildConfiguration;
			buildSettings = {
				ALWAYS_EMBED_SWIFT_STANDARD_LIBRARIES = YES;
				BUNDLE_LOADER = "$(TEST_HOST)";
				CODE_SIGN_STYLE = Automatic;
				DEVELOPMENT_TEAM = TCF365AV8Z;
				INFOPLIST_FILE = SpondoolicksTests/Info.plist;
				LD_RUNPATH_SEARCH_PATHS = "$(inherited) @executable_path/Frameworks @loader_path/Frameworks";
				PRODUCT_BUNDLE_IDENTIFIER = co.uk.eyemagine.SpondoolicksTests;
				PRODUCT_NAME = "$(TARGET_NAME)";
				SWIFT_VERSION = 4.0;
				TARGETED_DEVICE_FAMILY = "1,2";
				TEST_HOST = "$(BUILT_PRODUCTS_DIR)/Spondoolicks.app/Spondoolicks";
			};
			name = Release;
		};
		49255FD2200F9D1B000E40E9 /* Debug */ = {
			isa = XCBuildConfiguration;
			buildSettings = {
				ALWAYS_EMBED_SWIFT_STANDARD_LIBRARIES = YES;
				CODE_SIGN_STYLE = Automatic;
				DEVELOPMENT_TEAM = TCF365AV8Z;
				INFOPLIST_FILE = SpondoolicksUITests/Info.plist;
				LD_RUNPATH_SEARCH_PATHS = "$(inherited) @executable_path/Frameworks @loader_path/Frameworks";
				PRODUCT_BUNDLE_IDENTIFIER = co.uk.eyemagine.SpondoolicksUITests;
				PRODUCT_NAME = "$(TARGET_NAME)";
				SWIFT_VERSION = 4.0;
				TARGETED_DEVICE_FAMILY = "1,2";
				TEST_TARGET_NAME = Spondoolicks;
			};
			name = Debug;
		};
		49255FD3200F9D1B000E40E9 /* Release */ = {
			isa = XCBuildConfiguration;
			buildSettings = {
				ALWAYS_EMBED_SWIFT_STANDARD_LIBRARIES = YES;
				CODE_SIGN_STYLE = Automatic;
				DEVELOPMENT_TEAM = TCF365AV8Z;
				INFOPLIST_FILE = SpondoolicksUITests/Info.plist;
				LD_RUNPATH_SEARCH_PATHS = "$(inherited) @executable_path/Frameworks @loader_path/Frameworks";
				PRODUCT_BUNDLE_IDENTIFIER = co.uk.eyemagine.SpondoolicksUITests;
				PRODUCT_NAME = "$(TARGET_NAME)";
				SWIFT_VERSION = 4.0;
				TARGETED_DEVICE_FAMILY = "1,2";
				TEST_TARGET_NAME = Spondoolicks;
			};
			name = Release;
		};
/* End XCBuildConfiguration section */

/* Begin XCConfigurationList section */
		49255F9E200F9D1B000E40E9 /* Build configuration list for PBXProject "Spondoolicks" */ = {
			isa = XCConfigurationList;
			buildConfigurations = (
				49255FC9200F9D1B000E40E9 /* Debug */,
				49255FCA200F9D1B000E40E9 /* Release */,
			);
			defaultConfigurationIsVisible = 0;
			defaultConfigurationName = Release;
		};
		49255FCB200F9D1B000E40E9 /* Build configuration list for PBXNativeTarget "Spondoolicks" */ = {
			isa = XCConfigurationList;
			buildConfigurations = (
				49255FCC200F9D1B000E40E9 /* Debug */,
				49255FCD200F9D1B000E40E9 /* Release */,
			);
			defaultConfigurationIsVisible = 0;
			defaultConfigurationName = Release;
		};
		49255FCE200F9D1B000E40E9 /* Build configuration list for PBXNativeTarget "SpondoolicksTests" */ = {
			isa = XCConfigurationList;
			buildConfigurations = (
				49255FCF200F9D1B000E40E9 /* Debug */,
				49255FD0200F9D1B000E40E9 /* Release */,
			);
			defaultConfigurationIsVisible = 0;
			defaultConfigurationName = Release;
		};
		49255FD1200F9D1B000E40E9 /* Build configuration list for PBXNativeTarget "SpondoolicksUITests" */ = {
			isa = XCConfigurationList;
			buildConfigurations = (
				49255FD2200F9D1B000E40E9 /* Debug */,
				49255FD3200F9D1B000E40E9 /* Release */,
			);
			defaultConfigurationIsVisible = 0;
			defaultConfigurationName = Release;
		};
/* End XCConfigurationList section */
	};
	rootObject = 49255F9B200F9D1B000E40E9 /* Project object */;
}
